// !$*UTF8*$!
{
	archiveVersion = 1;
	classes = {
	};
	objectVersion = 51;
	objects = {

/* Begin PBXBuildFile section */
		0A5657B534571FEC892D25F7 /* ListIcon.swift in Sources */ = {isa = PBXBuildFile; fileRef = 70EEB122AE4879CE3D8A06DA /* ListIcon.swift */; };
		123E18513139EE34698332A3 /* FirebaseAuth in Frameworks */ = {isa = PBXBuildFile; productRef = 238EEE5FCDEE938154ED6BD5 /* FirebaseAuth */; };
		2739C0980D6C355A55F06C3D /* DemoPlayerEventHandler.swift in Sources */ = {isa = PBXBuildFile; fileRef = BF946914A24226107B665396 /* DemoPlayerEventHandler.swift */; };
		295EC4D82D59B92DEE20E8C6 /* View+Orientation.swift in Sources */ = {isa = PBXBuildFile; fileRef = 141C70E858C87104C6D96D13 /* View+Orientation.swift */; };
		2C2F7DCD4993F44D3CA4E33C /* View+Alert.swift in Sources */ = {isa = PBXBuildFile; fileRef = 9D077035798B6A4B7D16D85D /* View+Alert.swift */; };
		317FCAB1737FB618191386FB /* CustomWebViewController.swift in Sources */ = {isa = PBXBuildFile; fileRef = 1F06C1E96AF750D1778EB22E /* CustomWebViewController.swift */; };
		38247A5E5E5906272131975A /* SheetContext.swift in Sources */ = {isa = PBXBuildFile; fileRef = 9E02813792C0B0B16D40CEA7 /* SheetContext.swift */; };
		3F831B05E3FC0FB42EE9A165 /* UIViewController+Demo.swift in Sources */ = {isa = PBXBuildFile; fileRef = A383F70A9AB892DA73D5FD0F /* UIViewController+Demo.swift */; };
		4770AEB6482AC0F5D0F3A4B2 /* DemoApp.swift in Sources */ = {isa = PBXBuildFile; fileRef = 74A1528AE3059C1CA4E15132 /* DemoApp.swift */; };
		695F6424D9027518431DDEBC /* UIImage+Demo.swift in Sources */ = {isa = PBXBuildFile; fileRef = 589CDCE4DDE52D2BD83F9984 /* UIImage+Demo.swift */; };
		6A8E521D1284B0A8120380B6 /* FullScreenCoverContext.swift in Sources */ = {isa = PBXBuildFile; fileRef = D25D1E31FC3FF22ECAB28835 /* FullScreenCoverContext.swift */; };
		7840CF5FC31BF98B39C40000 /* ShareSheet.swift in Sources */ = {isa = PBXBuildFile; fileRef = 3C0E0FD9DDBEEBE6B758D109 /* ShareSheet.swift */; };
		813AB51736D62065A1F4F861 /* AppDelegate.swift in Sources */ = {isa = PBXBuildFile; fileRef = C617D87673D30D51B714DC70 /* AppDelegate.swift */; };
		86F9446E8406C0A3C56E7001 /* Image+Demo.swift in Sources */ = {isa = PBXBuildFile; fileRef = 9FD084211FFF077F358FE461 /* Image+Demo.swift */; };
		8AD6418608CA248FE25BAA82 /* SheetProvider.swift in Sources */ = {isa = PBXBuildFile; fileRef = C2E8FB5724B60337F7E91D5E /* SheetProvider.swift */; };
		90D78BC8624FA981276DC982 /* CustomWebView.swift in Sources */ = {isa = PBXBuildFile; fileRef = D9124E962F15C73129CF96CF /* CustomWebView.swift */; };
		91D8F526FB8BC92754DFF5F0 /* SelectableEnvironment.swift in Sources */ = {isa = PBXBuildFile; fileRef = 65329704FC0929DEF22A0A73 /* SelectableEnvironment.swift */; };
		93800F9D4E734A91ABC92FE9 /* AlertProvider.swift in Sources */ = {isa = PBXBuildFile; fileRef = D8C8279233D18787A0A8892F /* AlertProvider.swift */; };
		94CB2FBD333C1D6CEAC4CEDC /* PlayerMenu.swift in Sources */ = {isa = PBXBuildFile; fileRef = 4FA02544D6B6083225EF1409 /* PlayerMenu.swift */; };
		968DD52893C8709CF40D8C8D /* PlayerScreen.swift in Sources */ = {isa = PBXBuildFile; fileRef = A6E60320E4CD6310B93F1D9D /* PlayerScreen.swift */; };
		A2D1E0316B4A9B379C0B83DA /* BambuserPlayerSDK in Frameworks */ = {isa = PBXBuildFile; productRef = 42DFD4FEE1450F60D2D3EEFC /* BambuserPlayerSDK */; };
		AA0FFFAB255A4CD24BE75593 /* FullScreenCoverProvider.swift in Sources */ = {isa = PBXBuildFile; fileRef = DCC028860B03C2542643CA99 /* FullScreenCoverProvider.swift */; };
		AC80533C5B4D5FE8A34B75A2 /* Collection+Safe.swift in Sources */ = {isa = PBXBuildFile; fileRef = 4CB656BFE849F087DFB6721A /* Collection+Safe.swift */; };
		AFC093F820C05530219889D6 /* DemoSettings.swift in Sources */ = {isa = PBXBuildFile; fileRef = C4C779573369599FB80BF580 /* DemoSettings.swift */; };
		B0524861E8A9897E5EE5435B /* PresentationContext.swift in Sources */ = {isa = PBXBuildFile; fileRef = EAE3A3505C6AA34FFD7914F7 /* PresentationContext.swift */; };
		B24953B1A7E8E60E8E88043C /* FirebaseFirestore in Frameworks */ = {isa = PBXBuildFile; productRef = 8465DA49B07DCF7873C601EA /* FirebaseFirestore */; };
		B4CAF4F92BFA3F92A264BC07 /* BambuserLogoBackground.swift in Sources */ = {isa = PBXBuildFile; fileRef = 813002A307652AEFE6945B06 /* BambuserLogoBackground.swift */; };
		B656E45B8F3ACF7ECF000389 /* SettingsListSection.swift in Sources */ = {isa = PBXBuildFile; fileRef = D27F2D78757FE7EAFC9ADB21 /* SettingsListSection.swift */; };
		B85060025A02C9DFCD97AEFA /* FirebaseFirestoreSwift in Frameworks */ = {isa = PBXBuildFile; productRef = 2E8ED7C6261ACEDEB6C33D8F /* FirebaseFirestoreSwift */; };
		BCA35D0E9BBA736AEE5CA7F7 /* DemoSettings+Private.swift in Sources */ = {isa = PBXBuildFile; fileRef = 7A7C79B888893FCC2C6F95FB /* DemoSettings+Private.swift */; };
		CD7C4549042A4AE244F09934 /* Assets.xcassets in Resources */ = {isa = PBXBuildFile; fileRef = E30BA7271EB3F3F6BFA2E807 /* Assets.xcassets */; };
		D22128E3609DA7E88C2A9717 /* View+FullScreenCover.swift in Sources */ = {isa = PBXBuildFile; fileRef = D42B367B7AD447659374D445 /* View+FullScreenCover.swift */; };
		D7AC14CA9527F978DAE72B83 /* ListItem.swift in Sources */ = {isa = PBXBuildFile; fileRef = 537E53AA363D8CA118944860 /* ListItem.swift */; };
		DB29479134FC91EAB54BE012 /* Preview Assets.xcassets in Resources */ = {isa = PBXBuildFile; fileRef = 40E50F69730E5B590D987763 /* Preview Assets.xcassets */; };
		DF5AE34586E9653A319AD3C7 /* View+Sheet.swift in Sources */ = {isa = PBXBuildFile; fileRef = 50FA18A4F1A3A229ABE483E0 /* View+Sheet.swift */; };
		EA16BEF28BE0AEC91B23B8F9 /* HomeScreen.swift in Sources */ = {isa = PBXBuildFile; fileRef = 81ECF370E12980FCF1F92056 /* HomeScreen.swift */; };
		F1A9AAD2B60078AA2CA54D78 /* AlertContext.swift in Sources */ = {isa = PBXBuildFile; fileRef = 3A48BB636BBA88D77B039D80 /* AlertContext.swift */; };
		FF90EA23241A185CB1730E62 /* UIDevice+Utility.swift in Sources */ = {isa = PBXBuildFile; fileRef = D8AD8F0CA17F65E07DEC3E91 /* UIDevice+Utility.swift */; };
/* End PBXBuildFile section */

/* Begin PBXFileReference section */
		141C70E858C87104C6D96D13 /* View+Orientation.swift */ = {isa = PBXFileReference; lastKnownFileType = sourcecode.swift; path = "View+Orientation.swift"; sourceTree = "<group>"; };
		1F06C1E96AF750D1778EB22E /* CustomWebViewController.swift */ = {isa = PBXFileReference; lastKnownFileType = sourcecode.swift; path = CustomWebViewController.swift; sourceTree = "<group>"; };
		3A226E443F31E591F7687A46 /* Info.plist */ = {isa = PBXFileReference; lastKnownFileType = text.plist; path = Info.plist; sourceTree = "<group>"; };
		3A48BB636BBA88D77B039D80 /* AlertContext.swift */ = {isa = PBXFileReference; lastKnownFileType = sourcecode.swift; path = AlertContext.swift; sourceTree = "<group>"; };
		3C0E0FD9DDBEEBE6B758D109 /* ShareSheet.swift */ = {isa = PBXFileReference; lastKnownFileType = sourcecode.swift; path = ShareSheet.swift; sourceTree = "<group>"; };
		40E50F69730E5B590D987763 /* Preview Assets.xcassets */ = {isa = PBXFileReference; lastKnownFileType = folder.assetcatalog; path = "Preview Assets.xcassets"; sourceTree = "<group>"; };
		4CB656BFE849F087DFB6721A /* Collection+Safe.swift */ = {isa = PBXFileReference; lastKnownFileType = sourcecode.swift; path = "Collection+Safe.swift"; sourceTree = "<group>"; };
		4FA02544D6B6083225EF1409 /* PlayerMenu.swift */ = {isa = PBXFileReference; lastKnownFileType = sourcecode.swift; path = PlayerMenu.swift; sourceTree = "<group>"; };
		50FA18A4F1A3A229ABE483E0 /* View+Sheet.swift */ = {isa = PBXFileReference; lastKnownFileType = sourcecode.swift; path = "View+Sheet.swift"; sourceTree = "<group>"; };
		537E53AA363D8CA118944860 /* ListItem.swift */ = {isa = PBXFileReference; lastKnownFileType = sourcecode.swift; path = ListItem.swift; sourceTree = "<group>"; };
		589CDCE4DDE52D2BD83F9984 /* UIImage+Demo.swift */ = {isa = PBXFileReference; lastKnownFileType = sourcecode.swift; path = "UIImage+Demo.swift"; sourceTree = "<group>"; };
		65329704FC0929DEF22A0A73 /* SelectableEnvironment.swift */ = {isa = PBXFileReference; lastKnownFileType = sourcecode.swift; path = SelectableEnvironment.swift; sourceTree = "<group>"; };
		70EEB122AE4879CE3D8A06DA /* ListIcon.swift */ = {isa = PBXFileReference; lastKnownFileType = sourcecode.swift; path = ListIcon.swift; sourceTree = "<group>"; };
		74A1528AE3059C1CA4E15132 /* DemoApp.swift */ = {isa = PBXFileReference; lastKnownFileType = sourcecode.swift; path = DemoApp.swift; sourceTree = "<group>"; };
		7A7C79B888893FCC2C6F95FB /* DemoSettings+Private.swift */ = {isa = PBXFileReference; lastKnownFileType = sourcecode.swift; path = "DemoSettings+Private.swift"; sourceTree = "<group>"; };
		813002A307652AEFE6945B06 /* BambuserLogoBackground.swift */ = {isa = PBXFileReference; lastKnownFileType = sourcecode.swift; path = BambuserLogoBackground.swift; sourceTree = "<group>"; };
		81ECF370E12980FCF1F92056 /* HomeScreen.swift */ = {isa = PBXFileReference; lastKnownFileType = sourcecode.swift; path = HomeScreen.swift; sourceTree = "<group>"; };
		9D077035798B6A4B7D16D85D /* View+Alert.swift */ = {isa = PBXFileReference; lastKnownFileType = sourcecode.swift; path = "View+Alert.swift"; sourceTree = "<group>"; };
		9E02813792C0B0B16D40CEA7 /* SheetContext.swift */ = {isa = PBXFileReference; lastKnownFileType = sourcecode.swift; path = SheetContext.swift; sourceTree = "<group>"; };
		9FD084211FFF077F358FE461 /* Image+Demo.swift */ = {isa = PBXFileReference; lastKnownFileType = sourcecode.swift; path = "Image+Demo.swift"; sourceTree = "<group>"; };
		A383F70A9AB892DA73D5FD0F /* UIViewController+Demo.swift */ = {isa = PBXFileReference; lastKnownFileType = sourcecode.swift; path = "UIViewController+Demo.swift"; sourceTree = "<group>"; };
		A6E60320E4CD6310B93F1D9D /* PlayerScreen.swift */ = {isa = PBXFileReference; lastKnownFileType = sourcecode.swift; path = PlayerScreen.swift; sourceTree = "<group>"; };
		B760D781D6FE9FC2A94ACF29 /* Demo-SwiftUI.app */ = {isa = PBXFileReference; includeInIndex = 0; lastKnownFileType = wrapper.application; path = "Demo-SwiftUI.app"; sourceTree = BUILT_PRODUCTS_DIR; };
		BF946914A24226107B665396 /* DemoPlayerEventHandler.swift */ = {isa = PBXFileReference; lastKnownFileType = sourcecode.swift; path = DemoPlayerEventHandler.swift; sourceTree = "<group>"; };
		C2E8FB5724B60337F7E91D5E /* SheetProvider.swift */ = {isa = PBXFileReference; lastKnownFileType = sourcecode.swift; path = SheetProvider.swift; sourceTree = "<group>"; };
		C4C779573369599FB80BF580 /* DemoSettings.swift */ = {isa = PBXFileReference; lastKnownFileType = sourcecode.swift; path = DemoSettings.swift; sourceTree = "<group>"; };
		C617D87673D30D51B714DC70 /* AppDelegate.swift */ = {isa = PBXFileReference; lastKnownFileType = sourcecode.swift; path = AppDelegate.swift; sourceTree = "<group>"; };
		D25D1E31FC3FF22ECAB28835 /* FullScreenCoverContext.swift */ = {isa = PBXFileReference; lastKnownFileType = sourcecode.swift; path = FullScreenCoverContext.swift; sourceTree = "<group>"; };
		D27F2D78757FE7EAFC9ADB21 /* SettingsListSection.swift */ = {isa = PBXFileReference; lastKnownFileType = sourcecode.swift; path = SettingsListSection.swift; sourceTree = "<group>"; };
		D42B367B7AD447659374D445 /* View+FullScreenCover.swift */ = {isa = PBXFileReference; lastKnownFileType = sourcecode.swift; path = "View+FullScreenCover.swift"; sourceTree = "<group>"; };
		D8AD8F0CA17F65E07DEC3E91 /* UIDevice+Utility.swift */ = {isa = PBXFileReference; lastKnownFileType = sourcecode.swift; path = "UIDevice+Utility.swift"; sourceTree = "<group>"; };
		D8C8279233D18787A0A8892F /* AlertProvider.swift */ = {isa = PBXFileReference; lastKnownFileType = sourcecode.swift; path = AlertProvider.swift; sourceTree = "<group>"; };
		D9124E962F15C73129CF96CF /* CustomWebView.swift */ = {isa = PBXFileReference; lastKnownFileType = sourcecode.swift; path = CustomWebView.swift; sourceTree = "<group>"; };
		DCC028860B03C2542643CA99 /* FullScreenCoverProvider.swift */ = {isa = PBXFileReference; lastKnownFileType = sourcecode.swift; path = FullScreenCoverProvider.swift; sourceTree = "<group>"; };
		E30BA7271EB3F3F6BFA2E807 /* Assets.xcassets */ = {isa = PBXFileReference; lastKnownFileType = folder.assetcatalog; path = Assets.xcassets; sourceTree = "<group>"; };
		EAE3A3505C6AA34FFD7914F7 /* PresentationContext.swift */ = {isa = PBXFileReference; lastKnownFileType = sourcecode.swift; path = PresentationContext.swift; sourceTree = "<group>"; };
/* End PBXFileReference section */

/* Begin PBXFrameworksBuildPhase section */
		551C31CD7947582893460BFD /* Frameworks */ = {
			isa = PBXFrameworksBuildPhase;
			buildActionMask = 2147483647;
			files = (
				A2D1E0316B4A9B379C0B83DA /* BambuserPlayerSDK in Frameworks */,
				B24953B1A7E8E60E8E88043C /* FirebaseFirestore in Frameworks */,
				B85060025A02C9DFCD97AEFA /* FirebaseFirestoreSwift in Frameworks */,
				123E18513139EE34698332A3 /* FirebaseAuth in Frameworks */,
			);
			runOnlyForDeploymentPostprocessing = 0;
		};
/* End PBXFrameworksBuildPhase section */

/* Begin PBXGroup section */
		0DEC51AB25215E3687363771 /* Shared */ = {
			isa = PBXGroup;
			children = (
				D9124E962F15C73129CF96CF /* CustomWebView.swift */,
				1F06C1E96AF750D1778EB22E /* CustomWebViewController.swift */,
				BF946914A24226107B665396 /* DemoPlayerEventHandler.swift */,
				C4C779573369599FB80BF580 /* DemoSettings.swift */,
				7A7C79B888893FCC2C6F95FB /* DemoSettings+Private.swift */,
				9FD084211FFF077F358FE461 /* Image+Demo.swift */,
				65329704FC0929DEF22A0A73 /* SelectableEnvironment.swift */,
				589CDCE4DDE52D2BD83F9984 /* UIImage+Demo.swift */,
				A383F70A9AB892DA73D5FD0F /* UIViewController+Demo.swift */,
			);
			name = Shared;
			path = ../Shared;
			sourceTree = "<group>";
		};
		296B4469A995FC23497D42ED /* FullScreenCover */ = {
			isa = PBXGroup;
			children = (
				D25D1E31FC3FF22ECAB28835 /* FullScreenCoverContext.swift */,
				DCC028860B03C2542643CA99 /* FullScreenCoverProvider.swift */,
				D42B367B7AD447659374D445 /* View+FullScreenCover.swift */,
			);
			path = FullScreenCover;
			sourceTree = "<group>";
		};
		348B0B5578D5C5F9B03ABF4E /* Preview Content */ = {
			isa = PBXGroup;
			children = (
				40E50F69730E5B590D987763 /* Preview Assets.xcassets */,
			);
			path = "Preview Content";
			sourceTree = "<group>";
		};
		4E11822B7D8A2A49032F3460 /* Sheet */ = {
			isa = PBXGroup;
			children = (
				9E02813792C0B0B16D40CEA7 /* SheetContext.swift */,
				C2E8FB5724B60337F7E91D5E /* SheetProvider.swift */,
				50FA18A4F1A3A229ABE483E0 /* View+Sheet.swift */,
			);
			path = Sheet;
			sourceTree = "<group>";
		};
		5AD8E7B0A83D15EE42896B83 /* Views */ = {
			isa = PBXGroup;
			children = (
				813002A307652AEFE6945B06 /* BambuserLogoBackground.swift */,
				70EEB122AE4879CE3D8A06DA /* ListIcon.swift */,
				537E53AA363D8CA118944860 /* ListItem.swift */,
				4FA02544D6B6083225EF1409 /* PlayerMenu.swift */,
				D27F2D78757FE7EAFC9ADB21 /* SettingsListSection.swift */,
			);
			path = Views;
			sourceTree = "<group>";
		};
		61D84B07EB8F51FA8C359E39 /* Presentation */ = {
			isa = PBXGroup;
			children = (
				EAE3A3505C6AA34FFD7914F7 /* PresentationContext.swift */,
				3C0E0FD9DDBEEBE6B758D109 /* ShareSheet.swift */,
				E2A92A7F13CCB9FEEFFAF49B /* Alert */,
				296B4469A995FC23497D42ED /* FullScreenCover */,
				4E11822B7D8A2A49032F3460 /* Sheet */,
			);
			path = Presentation;
			sourceTree = "<group>";
		};
		764C0BDEC34A982C493CA555 /* Extensions */ = {
			isa = PBXGroup;
			children = (
				4CB656BFE849F087DFB6721A /* Collection+Safe.swift */,
				D8AD8F0CA17F65E07DEC3E91 /* UIDevice+Utility.swift */,
				141C70E858C87104C6D96D13 /* View+Orientation.swift */,
			);
			path = Extensions;
			sourceTree = "<group>";
		};
		89EED0D913153940931D2FE8 /* Products */ = {
			isa = PBXGroup;
			children = (
				B760D781D6FE9FC2A94ACF29 /* Demo-SwiftUI.app */,
			);
			name = Products;
			sourceTree = "<group>";
		};
		B201AA53ADBEBD358F4C327C /* Screens */ = {
			isa = PBXGroup;
			children = (
				81ECF370E12980FCF1F92056 /* HomeScreen.swift */,
				A6E60320E4CD6310B93F1D9D /* PlayerScreen.swift */,
			);
			path = Screens;
			sourceTree = "<group>";
		};
		BB050DAE759C052107B2170F /* App */ = {
			isa = PBXGroup;
			children = (
				C617D87673D30D51B714DC70 /* AppDelegate.swift */,
				74A1528AE3059C1CA4E15132 /* DemoApp.swift */,
			);
			path = App;
			sourceTree = "<group>";
		};
		E2A92A7F13CCB9FEEFFAF49B /* Alert */ = {
			isa = PBXGroup;
			children = (
				3A48BB636BBA88D77B039D80 /* AlertContext.swift */,
				D8C8279233D18787A0A8892F /* AlertProvider.swift */,
				9D077035798B6A4B7D16D85D /* View+Alert.swift */,
			);
			path = Alert;
			sourceTree = "<group>";
		};
		E3B4D1D5BF2C08ECE550C978 /* Demo */ = {
			isa = PBXGroup;
			children = (
				E30BA7271EB3F3F6BFA2E807 /* Assets.xcassets */,
				3A226E443F31E591F7687A46 /* Info.plist */,
				BB050DAE759C052107B2170F /* App */,
				764C0BDEC34A982C493CA555 /* Extensions */,
				61D84B07EB8F51FA8C359E39 /* Presentation */,
				348B0B5578D5C5F9B03ABF4E /* Preview Content */,
				B201AA53ADBEBD358F4C327C /* Screens */,
				5AD8E7B0A83D15EE42896B83 /* Views */,
			);
			path = Demo;
			sourceTree = "<group>";
		};
		E5BB6DC2E977B912CC1AF702 = {
			isa = PBXGroup;
			children = (
				E3B4D1D5BF2C08ECE550C978 /* Demo */,
				0DEC51AB25215E3687363771 /* Shared */,
				89EED0D913153940931D2FE8 /* Products */,
			);
			sourceTree = "<group>";
		};
/* End PBXGroup section */

/* Begin PBXNativeTarget section */
		088FAADB938D5D532B07FDD1 /* Demo-SwiftUI */ = {
			isa = PBXNativeTarget;
			buildConfigurationList = 25ACB9B517261F40BD81716E /* Build configuration list for PBXNativeTarget "Demo-SwiftUI" */;
			buildPhases = (
				30112C555CA5FD8940B7EF3E /* Sources */,
				774D42AB5C14267B6B52252E /* Resources */,
				551C31CD7947582893460BFD /* Frameworks */,
			);
			buildRules = (
			);
			dependencies = (
			);
			name = "Demo-SwiftUI";
			packageProductDependencies = (
				42DFD4FEE1450F60D2D3EEFC /* BambuserPlayerSDK */,
				8465DA49B07DCF7873C601EA /* FirebaseFirestore */,
				2E8ED7C6261ACEDEB6C33D8F /* FirebaseFirestoreSwift */,
				238EEE5FCDEE938154ED6BD5 /* FirebaseAuth */,
			);
			productName = "Demo-SwiftUI";
			productReference = B760D781D6FE9FC2A94ACF29 /* Demo-SwiftUI.app */;
			productType = "com.apple.product-type.application";
		};
/* End PBXNativeTarget section */

/* Begin PBXProject section */
		5533C1BE5094A04FCE853B33 /* Project object */ = {
			isa = PBXProject;
			attributes = {
				LastUpgradeCheck = 1200;
				TargetAttributes = {
					088FAADB938D5D532B07FDD1 = {
						DevelopmentTeam = U39FKA38DT;
						SystemCapabilities = {
							com.apple.Push = {
								enabled = 1;
							};
						};
					};
				};
			};
			buildConfigurationList = 388F02421550F69BF7947B85 /* Build configuration list for PBXProject "Demo" */;
			compatibilityVersion = "Xcode 11.0";
			developmentRegion = en;
			hasScannedForEncodings = 0;
			knownRegions = (
				Base,
				en,
			);
			mainGroup = E5BB6DC2E977B912CC1AF702;
			packageReferences = (
				90018CF6A7CA593E8C78E833 /* XCRemoteSwiftPackageReference "BambuserPlayerSDK-iOS" */,
				E97FEE8F125ACC19BE7BCD45 /* XCRemoteSwiftPackageReference "firebase-ios-sdk" */,
			);
			projectDirPath = "";
			projectRoot = "";
			targets = (
				088FAADB938D5D532B07FDD1 /* Demo-SwiftUI */,
			);
		};
/* End PBXProject section */

/* Begin PBXResourcesBuildPhase section */
		774D42AB5C14267B6B52252E /* Resources */ = {
			isa = PBXResourcesBuildPhase;
			buildActionMask = 2147483647;
			files = (
				CD7C4549042A4AE244F09934 /* Assets.xcassets in Resources */,
				DB29479134FC91EAB54BE012 /* Preview Assets.xcassets in Resources */,
			);
			runOnlyForDeploymentPostprocessing = 0;
		};
/* End PBXResourcesBuildPhase section */

/* Begin PBXSourcesBuildPhase section */
		30112C555CA5FD8940B7EF3E /* Sources */ = {
			isa = PBXSourcesBuildPhase;
			buildActionMask = 2147483647;
			files = (
				F1A9AAD2B60078AA2CA54D78 /* AlertContext.swift in Sources */,
				93800F9D4E734A91ABC92FE9 /* AlertProvider.swift in Sources */,
				813AB51736D62065A1F4F861 /* AppDelegate.swift in Sources */,
				B4CAF4F92BFA3F92A264BC07 /* BambuserLogoBackground.swift in Sources */,
				AC80533C5B4D5FE8A34B75A2 /* Collection+Safe.swift in Sources */,
				90D78BC8624FA981276DC982 /* CustomWebView.swift in Sources */,
				317FCAB1737FB618191386FB /* CustomWebViewController.swift in Sources */,
				4770AEB6482AC0F5D0F3A4B2 /* DemoApp.swift in Sources */,
				2739C0980D6C355A55F06C3D /* DemoPlayerEventHandler.swift in Sources */,
				BCA35D0E9BBA736AEE5CA7F7 /* DemoSettings+Private.swift in Sources */,
				AFC093F820C05530219889D6 /* DemoSettings.swift in Sources */,
				6A8E521D1284B0A8120380B6 /* FullScreenCoverContext.swift in Sources */,
				AA0FFFAB255A4CD24BE75593 /* FullScreenCoverProvider.swift in Sources */,
				EA16BEF28BE0AEC91B23B8F9 /* HomeScreen.swift in Sources */,
				86F9446E8406C0A3C56E7001 /* Image+Demo.swift in Sources */,
				0A5657B534571FEC892D25F7 /* ListIcon.swift in Sources */,
				D7AC14CA9527F978DAE72B83 /* ListItem.swift in Sources */,
				94CB2FBD333C1D6CEAC4CEDC /* PlayerMenu.swift in Sources */,
				968DD52893C8709CF40D8C8D /* PlayerScreen.swift in Sources */,
				B0524861E8A9897E5EE5435B /* PresentationContext.swift in Sources */,
				91D8F526FB8BC92754DFF5F0 /* SelectableEnvironment.swift in Sources */,
				B656E45B8F3ACF7ECF000389 /* SettingsListSection.swift in Sources */,
				7840CF5FC31BF98B39C40000 /* ShareSheet.swift in Sources */,
				38247A5E5E5906272131975A /* SheetContext.swift in Sources */,
				8AD6418608CA248FE25BAA82 /* SheetProvider.swift in Sources */,
				FF90EA23241A185CB1730E62 /* UIDevice+Utility.swift in Sources */,
				695F6424D9027518431DDEBC /* UIImage+Demo.swift in Sources */,
				3F831B05E3FC0FB42EE9A165 /* UIViewController+Demo.swift in Sources */,
				2C2F7DCD4993F44D3CA4E33C /* View+Alert.swift in Sources */,
				D22128E3609DA7E88C2A9717 /* View+FullScreenCover.swift in Sources */,
				295EC4D82D59B92DEE20E8C6 /* View+Orientation.swift in Sources */,
				DF5AE34586E9653A319AD3C7 /* View+Sheet.swift in Sources */,
			);
			runOnlyForDeploymentPostprocessing = 0;
		};
/* End PBXSourcesBuildPhase section */

/* Begin XCBuildConfiguration section */
		431C1D0126FDE809DBCC1F6E /* Release */ = {
			isa = XCBuildConfiguration;
			buildSettings = {
				ALWAYS_SEARCH_USER_PATHS = NO;
				CLANG_ANALYZER_NONNULL = YES;
				CLANG_ANALYZER_NUMBER_OBJECT_CONVERSION = YES_AGGRESSIVE;
				CLANG_CXX_LANGUAGE_STANDARD = "gnu++14";
				CLANG_CXX_LIBRARY = "libc++";
				CLANG_ENABLE_MODULES = YES;
				CLANG_ENABLE_OBJC_ARC = YES;
				CLANG_ENABLE_OBJC_WEAK = YES;
				CLANG_WARN_BLOCK_CAPTURE_AUTORELEASING = YES;
				CLANG_WARN_BOOL_CONVERSION = YES;
				CLANG_WARN_COMMA = YES;
				CLANG_WARN_CONSTANT_CONVERSION = YES;
				CLANG_WARN_DEPRECATED_OBJC_IMPLEMENTATIONS = YES;
				CLANG_WARN_DIRECT_OBJC_ISA_USAGE = YES_ERROR;
				CLANG_WARN_DOCUMENTATION_COMMENTS = YES;
				CLANG_WARN_EMPTY_BODY = YES;
				CLANG_WARN_ENUM_CONVERSION = YES;
				CLANG_WARN_INFINITE_RECURSION = YES;
				CLANG_WARN_INT_CONVERSION = YES;
				CLANG_WARN_NON_LITERAL_NULL_CONVERSION = YES;
				CLANG_WARN_OBJC_IMPLICIT_RETAIN_SELF = YES;
				CLANG_WARN_OBJC_LITERAL_CONVERSION = YES;
				CLANG_WARN_OBJC_ROOT_CLASS = YES_ERROR;
				CLANG_WARN_QUOTED_INCLUDE_IN_FRAMEWORK_HEADER = YES;
				CLANG_WARN_RANGE_LOOP_ANALYSIS = YES;
				CLANG_WARN_STRICT_PROTOTYPES = YES;
				CLANG_WARN_SUSPICIOUS_MOVE = YES;
				CLANG_WARN_UNGUARDED_AVAILABILITY = YES_AGGRESSIVE;
				CLANG_WARN_UNREACHABLE_CODE = YES;
				CLANG_WARN__DUPLICATE_METHOD_MATCH = YES;
				COPY_PHASE_STRIP = NO;
				DEBUG_INFORMATION_FORMAT = "dwarf-with-dsym";
				ENABLE_NS_ASSERTIONS = NO;
				ENABLE_STRICT_OBJC_MSGSEND = YES;
				GCC_C_LANGUAGE_STANDARD = gnu11;
				GCC_NO_COMMON_BLOCKS = YES;
				GCC_WARN_64_TO_32_BIT_CONVERSION = YES;
				GCC_WARN_ABOUT_RETURN_TYPE = YES_ERROR;
				GCC_WARN_UNDECLARED_SELECTOR = YES;
				GCC_WARN_UNINITIALIZED_AUTOS = YES_AGGRESSIVE;
				GCC_WARN_UNUSED_FUNCTION = YES;
				GCC_WARN_UNUSED_VARIABLE = YES;
				MTL_ENABLE_DEBUG_INFO = NO;
				MTL_FAST_MATH = YES;
				PRODUCT_NAME = "$(TARGET_NAME)";
				SDKROOT = iphoneos;
				SWIFT_COMPILATION_MODE = wholemodule;
				SWIFT_OPTIMIZATION_LEVEL = "-O";
				SWIFT_VERSION = 5.0;
			};
			name = Release;
		};
		76F22F9F8EFF9E558750A9FE /* Debug */ = {
			isa = XCBuildConfiguration;
			buildSettings = {
				ALWAYS_SEARCH_USER_PATHS = NO;
				CLANG_ANALYZER_NONNULL = YES;
				CLANG_ANALYZER_NUMBER_OBJECT_CONVERSION = YES_AGGRESSIVE;
				CLANG_CXX_LANGUAGE_STANDARD = "gnu++14";
				CLANG_CXX_LIBRARY = "libc++";
				CLANG_ENABLE_MODULES = YES;
				CLANG_ENABLE_OBJC_ARC = YES;
				CLANG_ENABLE_OBJC_WEAK = YES;
				CLANG_WARN_BLOCK_CAPTURE_AUTORELEASING = YES;
				CLANG_WARN_BOOL_CONVERSION = YES;
				CLANG_WARN_COMMA = YES;
				CLANG_WARN_CONSTANT_CONVERSION = YES;
				CLANG_WARN_DEPRECATED_OBJC_IMPLEMENTATIONS = YES;
				CLANG_WARN_DIRECT_OBJC_ISA_USAGE = YES_ERROR;
				CLANG_WARN_DOCUMENTATION_COMMENTS = YES;
				CLANG_WARN_EMPTY_BODY = YES;
				CLANG_WARN_ENUM_CONVERSION = YES;
				CLANG_WARN_INFINITE_RECURSION = YES;
				CLANG_WARN_INT_CONVERSION = YES;
				CLANG_WARN_NON_LITERAL_NULL_CONVERSION = YES;
				CLANG_WARN_OBJC_IMPLICIT_RETAIN_SELF = YES;
				CLANG_WARN_OBJC_LITERAL_CONVERSION = YES;
				CLANG_WARN_OBJC_ROOT_CLASS = YES_ERROR;
				CLANG_WARN_QUOTED_INCLUDE_IN_FRAMEWORK_HEADER = YES;
				CLANG_WARN_RANGE_LOOP_ANALYSIS = YES;
				CLANG_WARN_STRICT_PROTOTYPES = YES;
				CLANG_WARN_SUSPICIOUS_MOVE = YES;
				CLANG_WARN_UNGUARDED_AVAILABILITY = YES_AGGRESSIVE;
				CLANG_WARN_UNREACHABLE_CODE = YES;
				CLANG_WARN__DUPLICATE_METHOD_MATCH = YES;
				COPY_PHASE_STRIP = NO;
				DEBUG_INFORMATION_FORMAT = dwarf;
				ENABLE_STRICT_OBJC_MSGSEND = YES;
				ENABLE_TESTABILITY = YES;
				GCC_C_LANGUAGE_STANDARD = gnu11;
				GCC_DYNAMIC_NO_PIC = NO;
				GCC_NO_COMMON_BLOCKS = YES;
				GCC_OPTIMIZATION_LEVEL = 0;
				GCC_PREPROCESSOR_DEFINITIONS = (
					"$(inherited)",
					"DEBUG=1",
				);
				GCC_WARN_64_TO_32_BIT_CONVERSION = YES;
				GCC_WARN_ABOUT_RETURN_TYPE = YES_ERROR;
				GCC_WARN_UNDECLARED_SELECTOR = YES;
				GCC_WARN_UNINITIALIZED_AUTOS = YES_AGGRESSIVE;
				GCC_WARN_UNUSED_FUNCTION = YES;
				GCC_WARN_UNUSED_VARIABLE = YES;
				MTL_ENABLE_DEBUG_INFO = INCLUDE_SOURCE;
				MTL_FAST_MATH = YES;
				ONLY_ACTIVE_ARCH = YES;
				PRODUCT_NAME = "$(TARGET_NAME)";
				SDKROOT = iphoneos;
				SWIFT_ACTIVE_COMPILATION_CONDITIONS = DEBUG;
				SWIFT_OPTIMIZATION_LEVEL = "-Onone";
				SWIFT_VERSION = 5.0;
			};
			name = Debug;
		};
		A9806DEBF8AEDAAE67C325F8 /* Release */ = {
			isa = XCBuildConfiguration;
			buildSettings = {
				ASSETCATALOG_COMPILER_APPICON_NAME = AppIcon;
				CODE_SIGN_ENTITLEMENTS = Demo.entitlements;
				CODE_SIGN_IDENTITY = "iPhone Developer";
				DEVELOPMENT_TEAM = U39FKA38DT;
				ENABLE_BITCODE = NO;
				INFOPLIST_FILE = Demo/Info.plist;
				IPHONEOS_DEPLOYMENT_TARGET = 14.0;
				LD_RUNPATH_SEARCH_PATHS = (
					"$(inherited)",
					"@executable_path/Frameworks",
				);
				PRODUCT_BUNDLE_IDENTIFIER = com.bambuser.livevideoshoppingplayer.demo.swiftui;
				SDKROOT = iphoneos;
				TARGETED_DEVICE_FAMILY = "1,2";
			};
			name = Release;
		};
		FBE2CB13F4925EADA7040E2D /* Debug */ = {
			isa = XCBuildConfiguration;
			buildSettings = {
				ASSETCATALOG_COMPILER_APPICON_NAME = AppIcon;
				CODE_SIGN_ENTITLEMENTS = Demo.entitlements;
				CODE_SIGN_IDENTITY = "iPhone Developer";
				DEVELOPMENT_TEAM = U39FKA38DT;
				ENABLE_BITCODE = NO;
				INFOPLIST_FILE = Demo/Info.plist;
				IPHONEOS_DEPLOYMENT_TARGET = 14.0;
				LD_RUNPATH_SEARCH_PATHS = (
					"$(inherited)",
					"@executable_path/Frameworks",
				);
				PRODUCT_BUNDLE_IDENTIFIER = com.bambuser.livevideoshoppingplayer.demo.swiftui;
				SDKROOT = iphoneos;
				TARGETED_DEVICE_FAMILY = "1,2";
			};
			name = Debug;
		};
/* End XCBuildConfiguration section */

/* Begin XCConfigurationList section */
		25ACB9B517261F40BD81716E /* Build configuration list for PBXNativeTarget "Demo-SwiftUI" */ = {
			isa = XCConfigurationList;
			buildConfigurations = (
				FBE2CB13F4925EADA7040E2D /* Debug */,
				A9806DEBF8AEDAAE67C325F8 /* Release */,
			);
			defaultConfigurationIsVisible = 0;
			defaultConfigurationName = Debug;
		};
		388F02421550F69BF7947B85 /* Build configuration list for PBXProject "Demo" */ = {
			isa = XCConfigurationList;
			buildConfigurations = (
				76F22F9F8EFF9E558750A9FE /* Debug */,
				431C1D0126FDE809DBCC1F6E /* Release */,
			);
			defaultConfigurationIsVisible = 0;
			defaultConfigurationName = Debug;
		};
/* End XCConfigurationList section */

/* Begin XCRemoteSwiftPackageReference section */
		90018CF6A7CA593E8C78E833 /* XCRemoteSwiftPackageReference "BambuserPlayerSDK-iOS" */ = {
			isa = XCRemoteSwiftPackageReference;
			repositoryURL = "https://github.com/bambuser/BambuserPlayerSDK-iOS";
			requirement = {
				kind = exactVersion;
				version = 1.1.1;
			};
		};
		E97FEE8F125ACC19BE7BCD45 /* XCRemoteSwiftPackageReference "firebase-ios-sdk" */ = {
			isa = XCRemoteSwiftPackageReference;
			repositoryURL = "https://github.com/firebase/firebase-ios-sdk.git";
			requirement = {
				kind = exactVersion;
				version = 10.15.0;
			};
		};
/* End XCRemoteSwiftPackageReference section */

/* Begin XCSwiftPackageProductDependency section */
		238EEE5FCDEE938154ED6BD5 /* FirebaseAuth */ = {
			isa = XCSwiftPackageProductDependency;
			package = E97FEE8F125ACC19BE7BCD45 /* XCRemoteSwiftPackageReference "firebase-ios-sdk" */;
			productName = FirebaseAuth;
		};
		2E8ED7C6261ACEDEB6C33D8F /* FirebaseFirestoreSwift */ = {
			isa = XCSwiftPackageProductDependency;
			package = E97FEE8F125ACC19BE7BCD45 /* XCRemoteSwiftPackageReference "firebase-ios-sdk" */;
			productName = FirebaseFirestoreSwift;
		};
		42DFD4FEE1450F60D2D3EEFC /* BambuserPlayerSDK */ = {
			isa = XCSwiftPackageProductDependency;
			package = 90018CF6A7CA593E8C78E833 /* XCRemoteSwiftPackageReference "BambuserPlayerSDK-iOS" */;
			productName = BambuserPlayerSDK;
		};
		8465DA49B07DCF7873C601EA /* FirebaseFirestore */ = {
			isa = XCSwiftPackageProductDependency;
			package = E97FEE8F125ACC19BE7BCD45 /* XCRemoteSwiftPackageReference "firebase-ios-sdk" */;
			productName = FirebaseFirestore;
		};
/* End XCSwiftPackageProductDependency section */
	};
	rootObject = 5533C1BE5094A04FCE853B33 /* Project object */;
}
