// !$*UTF8*$!
{
	archiveVersion = 1;
	classes = {
	};
	objectVersion = 54;
	objects = {

/* Begin PBXBuildFile section */
		00100221FFA1670B327516F6 /* CustomWebViewController.swift in Sources */ = {isa = PBXBuildFile; fileRef = F8229DD0C6E8238CCF11ECE8 /* CustomWebViewController.swift */; };
		02138AB9DDCFDFA74417F21E /* DemoSettings.swift in Sources */ = {isa = PBXBuildFile; fileRef = 9ECA559F0B2B3091C409C131 /* DemoSettings.swift */; };
		063D1A67A1202AD4BEBFB7B6 /* View+FullScreenCover.swift in Sources */ = {isa = PBXBuildFile; fileRef = 62143FA7B8531D71D8360934 /* View+FullScreenCover.swift */; };
		0AE57D9B7C502ABB0F7CC0CF /* CustomWebView.swift in Sources */ = {isa = PBXBuildFile; fileRef = D385DD928301E27C40ACD911 /* CustomWebView.swift */; };
		0CFB0BC667814021D169EB2F /* CartService.swift in Sources */ = {isa = PBXBuildFile; fileRef = 334760FCAEEDDDBEB3F60A35 /* CartService.swift */; };
		0CFC76C4D5FD469779BF2464 /* PlayerViewController.swift in Sources */ = {isa = PBXBuildFile; fileRef = E9B71560AB0710239E7D7688 /* PlayerViewController.swift */; };
		15CC9136D6F63D7AF8264E7A /* DemoPlayerEventHandler.swift in Sources */ = {isa = PBXBuildFile; fileRef = 7973AE6B5393E440DB85AC8E /* DemoPlayerEventHandler.swift */; };
		1717E271A92001FCE9C8B679 /* CartService.swift in Sources */ = {isa = PBXBuildFile; fileRef = 334760FCAEEDDDBEB3F60A35 /* CartService.swift */; };
		192C9C6B98BE3F2347FF8EE3 /* PlayerMenu.swift in Sources */ = {isa = PBXBuildFile; fileRef = DF1D1BC2D7B64425114CCA23 /* PlayerMenu.swift */; };
		1EE5BAC0E9DD3602A0987873 /* Assets.xcassets in Resources */ = {isa = PBXBuildFile; fileRef = 4E024DF38CDAEE7A0CEE0EAF /* Assets.xcassets */; };
		20449BBE3DCEB84B35A0A3D6 /* BambuserLogoBackground.swift in Sources */ = {isa = PBXBuildFile; fileRef = 29A9C320E8825ADFD26F3650 /* BambuserLogoBackground.swift */; };
		23F276E9BA50D2A0BA19872C /* MockedProducts.swift in Sources */ = {isa = PBXBuildFile; fileRef = C80D65D8C4CC982B81819EAF /* MockedProducts.swift */; };
		23FD73874A09D139A36EE3A7 /* HomeToggleCell.swift in Sources */ = {isa = PBXBuildFile; fileRef = 003C8499ADD4FC0BFF20A1AA /* HomeToggleCell.swift */; };
		24BF599DDF99BF8A5A0BE1A8 /* DemoPlayerEventHandler.swift in Sources */ = {isa = PBXBuildFile; fileRef = 7973AE6B5393E440DB85AC8E /* DemoPlayerEventHandler.swift */; };
		2A4B27BCE221E3D4297DC04C /* CartItemCell.swift in Sources */ = {isa = PBXBuildFile; fileRef = 237BFFF3BED6A4814D2D0C95 /* CartItemCell.swift */; };
		2D5BA41570A7EA3268756661 /* UIViewController+Demo.swift in Sources */ = {isa = PBXBuildFile; fileRef = BAF1772D06734BBACFB97A6C /* UIViewController+Demo.swift */; };
		2F2E11F88A9AD9A8825A0D6D /* Assets.xcassets in Resources */ = {isa = PBXBuildFile; fileRef = 22C8CE1CDBA723E1FE6C43DF /* Assets.xcassets */; };
		30F6A778FB03FAB70C3CF233 /* PlayerScreen.swift in Sources */ = {isa = PBXBuildFile; fileRef = 106A82D91A5F40942114AB2A /* PlayerScreen.swift */; };
		33F68D950A556A10E0C136FC /* DemoSettings+Private.swift in Sources */ = {isa = PBXBuildFile; fileRef = 4E873DDD975E2DF7FBA9536F /* DemoSettings+Private.swift */; };
		38DCA05796F442730A73AB28 /* HostInAppCartView.swift in Sources */ = {isa = PBXBuildFile; fileRef = 7E4A089D7794077C5DD6B210 /* HostInAppCartView.swift */; };
		3AD6B37579D3759C9C0FE5E4 /* HostInAppCartViewModel.swift in Sources */ = {isa = PBXBuildFile; fileRef = D4D7C53DA0A18AA01D2279B5 /* HostInAppCartViewModel.swift */; };
		3C77C78881934F22888753FF /* SelectableEnvironment.swift in Sources */ = {isa = PBXBuildFile; fileRef = B2CAE4FD95B5459E5FB7B020 /* SelectableEnvironment.swift */; };
		406B21920F202E667474FC79 /* CartItemCellModel.swift in Sources */ = {isa = PBXBuildFile; fileRef = EBDC50C91F72A30C16FCDDEC /* CartItemCellModel.swift */; };
		408D06280A2744211083AB4F /* Collection+Safe.swift in Sources */ = {isa = PBXBuildFile; fileRef = 27933585C252C223136C3E83 /* Collection+Safe.swift */; };
		425BE483900105256322CF14 /* UIViewController+Demo.swift in Sources */ = {isa = PBXBuildFile; fileRef = BAF1772D06734BBACFB97A6C /* UIViewController+Demo.swift */; };
		4684259571CC771851E4A2D0 /* ListIcon.swift in Sources */ = {isa = PBXBuildFile; fileRef = 8CE9BD14517C2CAD5011101A /* ListIcon.swift */; };
		4CD1CADDB66965327C00E957 /* Collection+Safe.swift in Sources */ = {isa = PBXBuildFile; fileRef = 27933585C252C223136C3E83 /* Collection+Safe.swift */; };
		4EC1294A15EC3A45AC60F90E /* HomePickerCell.swift in Sources */ = {isa = PBXBuildFile; fileRef = F4D75BCA77230A9DF2FCE5C7 /* HomePickerCell.swift */; };
		553DEF763303EF19828D82AB /* DemoApp.swift in Sources */ = {isa = PBXBuildFile; fileRef = 45F22719791AEB61B595D86F /* DemoApp.swift */; };
		5A64B4A1FC52B04567467661 /* MockedProducts.swift in Sources */ = {isa = PBXBuildFile; fileRef = C80D65D8C4CC982B81819EAF /* MockedProducts.swift */; };
		5AE796681548063FAF1FA3CB /* ShareSheet.swift in Sources */ = {isa = PBXBuildFile; fileRef = 4A9926D5C28C93B6EDBA2EB2 /* ShareSheet.swift */; };
		60F70DC17DFAB045BCB6C5AA /* HomeNormalCell.swift in Sources */ = {isa = PBXBuildFile; fileRef = 49F059032DB400AD5CCC8E11 /* HomeNormalCell.swift */; };
		690302904EE380372573D2CF /* SheetContext.swift in Sources */ = {isa = PBXBuildFile; fileRef = 8A9251D05ACC9E50A16CBEA0 /* SheetContext.swift */; };
		79B018C2DE1CCF2E2D168E65 /* FullScreenCoverContext.swift in Sources */ = {isa = PBXBuildFile; fileRef = 7BA013736517687035E98F01 /* FullScreenCoverContext.swift */; };
		7DECC8954BC2F58BCF134402 /* HomeDatePickerCell.swift in Sources */ = {isa = PBXBuildFile; fileRef = 33403D33493DAC77A379F78A /* HomeDatePickerCell.swift */; };
		8A3FF9285D169D49F6DABC25 /* PlayerListViewController.swift in Sources */ = {isa = PBXBuildFile; fileRef = E1A1F720E1B94E45F506A8A1 /* PlayerListViewController.swift */; };
		8B33A2FCCDA0BA3C06886FAE /* HomeTextFieldCell.swift in Sources */ = {isa = PBXBuildFile; fileRef = CF07579D830099E53E2C2216 /* HomeTextFieldCell.swift */; };
		8BB72E379EDDDFE36CB6738C /* ListItem.swift in Sources */ = {isa = PBXBuildFile; fileRef = 96EF61507928C85F3C7E192A /* ListItem.swift */; };
		8E6E1A6E260A6A81E009753D /* HomeCenteredImageCell.swift in Sources */ = {isa = PBXBuildFile; fileRef = 5CEEC183B64CC5D94DA017A4 /* HomeCenteredImageCell.swift */; };
		8FCB3BBF004206B4C234727B /* View+Alert.swift in Sources */ = {isa = PBXBuildFile; fileRef = 9B7CB3366158A598E89B6F0F /* View+Alert.swift */; };
		970E42995D68DEF805C4B4C2 /* CustomWebView.swift in Sources */ = {isa = PBXBuildFile; fileRef = D385DD928301E27C40ACD911 /* CustomWebView.swift */; };
		97F278819E02562A9E0014D8 /* UIImage+Demo.swift in Sources */ = {isa = PBXBuildFile; fileRef = D71A33A71AB6E4954A475D7A /* UIImage+Demo.swift */; };
		A607103BAC712C9A585926FB /* Preview Assets.xcassets in Resources */ = {isa = PBXBuildFile; fileRef = 08A726BD6AB613AEC3941E9E /* Preview Assets.xcassets */; };
		A7C7AB8AA491BBAFAE5C07B0 /* DemoSettings.swift in Sources */ = {isa = PBXBuildFile; fileRef = 9ECA559F0B2B3091C409C131 /* DemoSettings.swift */; };
		A8406C7701B2C25FDCC713B2 /* UIImage+Demo.swift in Sources */ = {isa = PBXBuildFile; fileRef = D71A33A71AB6E4954A475D7A /* UIImage+Demo.swift */; };
		AAAA98F253DEF8A013BF3E62 /* View+Orientation.swift in Sources */ = {isa = PBXBuildFile; fileRef = C4765DD1B81A39BC297B586F /* View+Orientation.swift */; };
		AC872811661F51876596162F /* AppDelegate.swift in Sources */ = {isa = PBXBuildFile; fileRef = C1EA27AC56473A0C7A0C0605 /* AppDelegate.swift */; };
		B21C9BB3873E62CCF938673A /* SheetProvider.swift in Sources */ = {isa = PBXBuildFile; fileRef = 4D71FEC186FEC44CA45D3CF3 /* SheetProvider.swift */; };
		B2304A9578EC655C56192124 /* FullScreenCoverProvider.swift in Sources */ = {isa = PBXBuildFile; fileRef = 072245DD9339CB11DCA0DDF3 /* FullScreenCoverProvider.swift */; };
		BC57270A1F75764A47E507BB /* LaunchScreen.storyboard in Resources */ = {isa = PBXBuildFile; fileRef = 4CDDE44BBBED14D1A5F2A158 /* LaunchScreen.storyboard */; };
		BEDC79D0D2FF9FF5220A5CFB /* SettingsListSection.swift in Sources */ = {isa = PBXBuildFile; fileRef = 76DEAF7FD15682F3CBB9C044 /* SettingsListSection.swift */; };
		C39B0F7DBB6D324797388B62 /* Image+Demo.swift in Sources */ = {isa = PBXBuildFile; fileRef = F3595C96C3107474506E9D94 /* Image+Demo.swift */; };
		C42C6BD233DD058470AC8E9C /* AlertProvider.swift in Sources */ = {isa = PBXBuildFile; fileRef = 8FE9754D1DB691991F6644CB /* AlertProvider.swift */; };
		C64931D763921A1975489D9E /* DemoSettings+Private.swift in Sources */ = {isa = PBXBuildFile; fileRef = 4E873DDD975E2DF7FBA9536F /* DemoSettings+Private.swift */; };
		CA2589413AF971C0A9620BF0 /* HostInAppCartViewController.swift in Sources */ = {isa = PBXBuildFile; fileRef = 07B8C0977CA51AF7A524A955 /* HostInAppCartViewController.swift */; };
		D0673270C09B1451492BB956 /* HomeViewController.swift in Sources */ = {isa = PBXBuildFile; fileRef = 63E10572320D68C49A83F182 /* HomeViewController.swift */; };
		D810CCF63E81372F72496251 /* SceneDelegate.swift in Sources */ = {isa = PBXBuildFile; fileRef = 5DA073E7B83F4658A6571624 /* SceneDelegate.swift */; };
		E06538ED4BD03C36DFC2A11A /* PresentationContext.swift in Sources */ = {isa = PBXBuildFile; fileRef = BE7E29C0A80BE2BBD071A2DF /* PresentationContext.swift */; };
		E21CF237528B282F39294FB1 /* View+Sheet.swift in Sources */ = {isa = PBXBuildFile; fileRef = E786B3B9D689A2FCBD3FD52C /* View+Sheet.swift */; };
		E787F647010AE28BD84CB222 /* HomeScreen.swift in Sources */ = {isa = PBXBuildFile; fileRef = 853A5C3C3570D0BDF156721C /* HomeScreen.swift */; };
		EFAE5E0CADFFE334F30E915F /* MainNavigationController.swift in Sources */ = {isa = PBXBuildFile; fileRef = 18FBEF582D2C375A0CB607E8 /* MainNavigationController.swift */; };
		F0AD923FF6D1CD63FC2A5576 /* CustomWebViewController.swift in Sources */ = {isa = PBXBuildFile; fileRef = F8229DD0C6E8238CCF11ECE8 /* CustomWebViewController.swift */; };
		F15F053F6E02B2BF59DCA7FD /* HomeCellViewModel.swift in Sources */ = {isa = PBXBuildFile; fileRef = 90053ACD0111ABC06D662FC2 /* HomeCellViewModel.swift */; };
		F16F10E57A58DAD11283E246 /* UIDevice+Utility.swift in Sources */ = {isa = PBXBuildFile; fileRef = D2910CAE7A7893BA0AA5AD9E /* UIDevice+Utility.swift */; };
		F30FBA79633226C3B8FB38C4 /* PlayerListCell.swift in Sources */ = {isa = PBXBuildFile; fileRef = F511D04464A23954033F2462 /* PlayerListCell.swift */; };
		F4C744BECA3D097D5BCF1FBB /* HomeViewController+LoadCells.swift in Sources */ = {isa = PBXBuildFile; fileRef = 2E49B43AB23BA545F316FFDD /* HomeViewController+LoadCells.swift */; };
		F682A988990ECCF77C3B9341 /* AlertContext.swift in Sources */ = {isa = PBXBuildFile; fileRef = 2DC2FBF411EF015758E71A5D /* AlertContext.swift */; };
		FC129D75E9FE4EDDE401FEC4 /* SelectableEnvironment.swift in Sources */ = {isa = PBXBuildFile; fileRef = B2CAE4FD95B5459E5FB7B020 /* SelectableEnvironment.swift */; };
		FE0C77E7A09118C0041565B7 /* AppDelegate.swift in Sources */ = {isa = PBXBuildFile; fileRef = 06F12D55CE0AFEFBD6C861EC /* AppDelegate.swift */; };
		FED28F73E1E94A3108EEBD48 /* Image+Demo.swift in Sources */ = {isa = PBXBuildFile; fileRef = F3595C96C3107474506E9D94 /* Image+Demo.swift */; };
/* End PBXBuildFile section */

/* Begin PBXFileReference section */
		003C8499ADD4FC0BFF20A1AA /* HomeToggleCell.swift */ = {isa = PBXFileReference; lastKnownFileType = sourcecode.swift; path = HomeToggleCell.swift; sourceTree = "<group>"; };
		06F12D55CE0AFEFBD6C861EC /* AppDelegate.swift */ = {isa = PBXFileReference; lastKnownFileType = sourcecode.swift; path = AppDelegate.swift; sourceTree = "<group>"; };
		072245DD9339CB11DCA0DDF3 /* FullScreenCoverProvider.swift */ = {isa = PBXFileReference; lastKnownFileType = sourcecode.swift; path = FullScreenCoverProvider.swift; sourceTree = "<group>"; };
		07B8C0977CA51AF7A524A955 /* HostInAppCartViewController.swift */ = {isa = PBXFileReference; lastKnownFileType = sourcecode.swift; path = HostInAppCartViewController.swift; sourceTree = "<group>"; };
		08A726BD6AB613AEC3941E9E /* Preview Assets.xcassets */ = {isa = PBXFileReference; lastKnownFileType = folder.assetcatalog; path = "Preview Assets.xcassets"; sourceTree = "<group>"; };
		106A82D91A5F40942114AB2A /* PlayerScreen.swift */ = {isa = PBXFileReference; lastKnownFileType = sourcecode.swift; path = PlayerScreen.swift; sourceTree = "<group>"; };
		18FBEF582D2C375A0CB607E8 /* MainNavigationController.swift */ = {isa = PBXFileReference; lastKnownFileType = sourcecode.swift; path = MainNavigationController.swift; sourceTree = "<group>"; };
		22C8CE1CDBA723E1FE6C43DF /* Assets.xcassets */ = {isa = PBXFileReference; lastKnownFileType = folder.assetcatalog; path = Assets.xcassets; sourceTree = "<group>"; };
		237BFFF3BED6A4814D2D0C95 /* CartItemCell.swift */ = {isa = PBXFileReference; lastKnownFileType = sourcecode.swift; path = CartItemCell.swift; sourceTree = "<group>"; };
		27933585C252C223136C3E83 /* Collection+Safe.swift */ = {isa = PBXFileReference; lastKnownFileType = sourcecode.swift; path = "Collection+Safe.swift"; sourceTree = "<group>"; };
		28D61D3BFBA4DD5E2E05F3F8 /* Demo-SwiftUI.app */ = {isa = PBXFileReference; includeInIndex = 0; lastKnownFileType = wrapper.application; path = "Demo-SwiftUI.app"; sourceTree = BUILT_PRODUCTS_DIR; };
		29A9C320E8825ADFD26F3650 /* BambuserLogoBackground.swift */ = {isa = PBXFileReference; lastKnownFileType = sourcecode.swift; path = BambuserLogoBackground.swift; sourceTree = "<group>"; };
		2DC2FBF411EF015758E71A5D /* AlertContext.swift */ = {isa = PBXFileReference; lastKnownFileType = sourcecode.swift; path = AlertContext.swift; sourceTree = "<group>"; };
		2E49B43AB23BA545F316FFDD /* HomeViewController+LoadCells.swift */ = {isa = PBXFileReference; lastKnownFileType = sourcecode.swift; path = "HomeViewController+LoadCells.swift"; sourceTree = "<group>"; };
		33403D33493DAC77A379F78A /* HomeDatePickerCell.swift */ = {isa = PBXFileReference; lastKnownFileType = sourcecode.swift; path = HomeDatePickerCell.swift; sourceTree = "<group>"; };
		334760FCAEEDDDBEB3F60A35 /* CartService.swift */ = {isa = PBXFileReference; lastKnownFileType = sourcecode.swift; path = CartService.swift; sourceTree = "<group>"; };
		45C333C8E74259F4BD7EB3FC /* Demo-UIKit.app */ = {isa = PBXFileReference; includeInIndex = 0; lastKnownFileType = wrapper.application; path = "Demo-UIKit.app"; sourceTree = BUILT_PRODUCTS_DIR; };
		45F22719791AEB61B595D86F /* DemoApp.swift */ = {isa = PBXFileReference; lastKnownFileType = sourcecode.swift; path = DemoApp.swift; sourceTree = "<group>"; };
		49F059032DB400AD5CCC8E11 /* HomeNormalCell.swift */ = {isa = PBXFileReference; lastKnownFileType = sourcecode.swift; path = HomeNormalCell.swift; sourceTree = "<group>"; };
		4A9926D5C28C93B6EDBA2EB2 /* ShareSheet.swift */ = {isa = PBXFileReference; lastKnownFileType = sourcecode.swift; path = ShareSheet.swift; sourceTree = "<group>"; };
		4D71FEC186FEC44CA45D3CF3 /* SheetProvider.swift */ = {isa = PBXFileReference; lastKnownFileType = sourcecode.swift; path = SheetProvider.swift; sourceTree = "<group>"; };
		4E024DF38CDAEE7A0CEE0EAF /* Assets.xcassets */ = {isa = PBXFileReference; lastKnownFileType = folder.assetcatalog; path = Assets.xcassets; sourceTree = "<group>"; };
		4E873DDD975E2DF7FBA9536F /* DemoSettings+Private.swift */ = {isa = PBXFileReference; lastKnownFileType = sourcecode.swift; path = "DemoSettings+Private.swift"; sourceTree = "<group>"; };
		5CEEC183B64CC5D94DA017A4 /* HomeCenteredImageCell.swift */ = {isa = PBXFileReference; lastKnownFileType = sourcecode.swift; path = HomeCenteredImageCell.swift; sourceTree = "<group>"; };
		5DA073E7B83F4658A6571624 /* SceneDelegate.swift */ = {isa = PBXFileReference; lastKnownFileType = sourcecode.swift; path = SceneDelegate.swift; sourceTree = "<group>"; };
		62143FA7B8531D71D8360934 /* View+FullScreenCover.swift */ = {isa = PBXFileReference; lastKnownFileType = sourcecode.swift; path = "View+FullScreenCover.swift"; sourceTree = "<group>"; };
		63E10572320D68C49A83F182 /* HomeViewController.swift */ = {isa = PBXFileReference; lastKnownFileType = sourcecode.swift; path = HomeViewController.swift; sourceTree = "<group>"; };
		76DEAF7FD15682F3CBB9C044 /* SettingsListSection.swift */ = {isa = PBXFileReference; lastKnownFileType = sourcecode.swift; path = SettingsListSection.swift; sourceTree = "<group>"; };
		7973AE6B5393E440DB85AC8E /* DemoPlayerEventHandler.swift */ = {isa = PBXFileReference; lastKnownFileType = sourcecode.swift; path = DemoPlayerEventHandler.swift; sourceTree = "<group>"; };
		7BA013736517687035E98F01 /* FullScreenCoverContext.swift */ = {isa = PBXFileReference; lastKnownFileType = sourcecode.swift; path = FullScreenCoverContext.swift; sourceTree = "<group>"; };
		7E4A089D7794077C5DD6B210 /* HostInAppCartView.swift */ = {isa = PBXFileReference; lastKnownFileType = sourcecode.swift; path = HostInAppCartView.swift; sourceTree = "<group>"; };
		853A5C3C3570D0BDF156721C /* HomeScreen.swift */ = {isa = PBXFileReference; lastKnownFileType = sourcecode.swift; path = HomeScreen.swift; sourceTree = "<group>"; };
		8A9251D05ACC9E50A16CBEA0 /* SheetContext.swift */ = {isa = PBXFileReference; lastKnownFileType = sourcecode.swift; path = SheetContext.swift; sourceTree = "<group>"; };
		8CE9BD14517C2CAD5011101A /* ListIcon.swift */ = {isa = PBXFileReference; lastKnownFileType = sourcecode.swift; path = ListIcon.swift; sourceTree = "<group>"; };
		8FE9754D1DB691991F6644CB /* AlertProvider.swift */ = {isa = PBXFileReference; lastKnownFileType = sourcecode.swift; path = AlertProvider.swift; sourceTree = "<group>"; };
		90053ACD0111ABC06D662FC2 /* HomeCellViewModel.swift */ = {isa = PBXFileReference; lastKnownFileType = sourcecode.swift; path = HomeCellViewModel.swift; sourceTree = "<group>"; };
		96EF61507928C85F3C7E192A /* ListItem.swift */ = {isa = PBXFileReference; lastKnownFileType = sourcecode.swift; path = ListItem.swift; sourceTree = "<group>"; };
		9B7CB3366158A598E89B6F0F /* View+Alert.swift */ = {isa = PBXFileReference; lastKnownFileType = sourcecode.swift; path = "View+Alert.swift"; sourceTree = "<group>"; };
		9ECA559F0B2B3091C409C131 /* DemoSettings.swift */ = {isa = PBXFileReference; lastKnownFileType = sourcecode.swift; path = DemoSettings.swift; sourceTree = "<group>"; };
		A6EB34B3A49E1AA130CE6310 /* Base */ = {isa = PBXFileReference; lastKnownFileType = file.storyboard; name = Base; path = Base.lproj/LaunchScreen.storyboard; sourceTree = "<group>"; };
		A8A0FA2F15F29E2A3D574D77 /* Info.plist */ = {isa = PBXFileReference; lastKnownFileType = text.plist; path = Info.plist; sourceTree = "<group>"; };
		B2CAE4FD95B5459E5FB7B020 /* SelectableEnvironment.swift */ = {isa = PBXFileReference; lastKnownFileType = sourcecode.swift; path = SelectableEnvironment.swift; sourceTree = "<group>"; };
		BAF1772D06734BBACFB97A6C /* UIViewController+Demo.swift */ = {isa = PBXFileReference; lastKnownFileType = sourcecode.swift; path = "UIViewController+Demo.swift"; sourceTree = "<group>"; };
		BE7E29C0A80BE2BBD071A2DF /* PresentationContext.swift */ = {isa = PBXFileReference; lastKnownFileType = sourcecode.swift; path = PresentationContext.swift; sourceTree = "<group>"; };
		C1EA27AC56473A0C7A0C0605 /* AppDelegate.swift */ = {isa = PBXFileReference; lastKnownFileType = sourcecode.swift; path = AppDelegate.swift; sourceTree = "<group>"; };
		C4765DD1B81A39BC297B586F /* View+Orientation.swift */ = {isa = PBXFileReference; lastKnownFileType = sourcecode.swift; path = "View+Orientation.swift"; sourceTree = "<group>"; };
		C80D65D8C4CC982B81819EAF /* MockedProducts.swift */ = {isa = PBXFileReference; lastKnownFileType = sourcecode.swift; path = MockedProducts.swift; sourceTree = "<group>"; };
		CF07579D830099E53E2C2216 /* HomeTextFieldCell.swift */ = {isa = PBXFileReference; lastKnownFileType = sourcecode.swift; path = HomeTextFieldCell.swift; sourceTree = "<group>"; };
		D2910CAE7A7893BA0AA5AD9E /* UIDevice+Utility.swift */ = {isa = PBXFileReference; lastKnownFileType = sourcecode.swift; path = "UIDevice+Utility.swift"; sourceTree = "<group>"; };
		D385DD928301E27C40ACD911 /* CustomWebView.swift */ = {isa = PBXFileReference; lastKnownFileType = sourcecode.swift; path = CustomWebView.swift; sourceTree = "<group>"; };
		D4D7C53DA0A18AA01D2279B5 /* HostInAppCartViewModel.swift */ = {isa = PBXFileReference; lastKnownFileType = sourcecode.swift; path = HostInAppCartViewModel.swift; sourceTree = "<group>"; };
		D71A33A71AB6E4954A475D7A /* UIImage+Demo.swift */ = {isa = PBXFileReference; lastKnownFileType = sourcecode.swift; path = "UIImage+Demo.swift"; sourceTree = "<group>"; };
		D728611FC3550F942775313C /* Info.plist */ = {isa = PBXFileReference; lastKnownFileType = text.plist; path = Info.plist; sourceTree = "<group>"; };
		DF1D1BC2D7B64425114CCA23 /* PlayerMenu.swift */ = {isa = PBXFileReference; lastKnownFileType = sourcecode.swift; path = PlayerMenu.swift; sourceTree = "<group>"; };
		E1A1F720E1B94E45F506A8A1 /* PlayerListViewController.swift */ = {isa = PBXFileReference; lastKnownFileType = sourcecode.swift; path = PlayerListViewController.swift; sourceTree = "<group>"; };
		E786B3B9D689A2FCBD3FD52C /* View+Sheet.swift */ = {isa = PBXFileReference; lastKnownFileType = sourcecode.swift; path = "View+Sheet.swift"; sourceTree = "<group>"; };
		E9B71560AB0710239E7D7688 /* PlayerViewController.swift */ = {isa = PBXFileReference; lastKnownFileType = sourcecode.swift; path = PlayerViewController.swift; sourceTree = "<group>"; };
		EBDC50C91F72A30C16FCDDEC /* CartItemCellModel.swift */ = {isa = PBXFileReference; lastKnownFileType = sourcecode.swift; path = CartItemCellModel.swift; sourceTree = "<group>"; };
		F3595C96C3107474506E9D94 /* Image+Demo.swift */ = {isa = PBXFileReference; lastKnownFileType = sourcecode.swift; path = "Image+Demo.swift"; sourceTree = "<group>"; };
		F4D75BCA77230A9DF2FCE5C7 /* HomePickerCell.swift */ = {isa = PBXFileReference; lastKnownFileType = sourcecode.swift; path = HomePickerCell.swift; sourceTree = "<group>"; };
		F511D04464A23954033F2462 /* PlayerListCell.swift */ = {isa = PBXFileReference; lastKnownFileType = sourcecode.swift; path = PlayerListCell.swift; sourceTree = "<group>"; };
		F8229DD0C6E8238CCF11ECE8 /* CustomWebViewController.swift */ = {isa = PBXFileReference; lastKnownFileType = sourcecode.swift; path = CustomWebViewController.swift; sourceTree = "<group>"; };
/* End PBXFileReference section */

/* Begin PBXGroup section */
		03ADB791638DF9CBD22702BD /* Views */ = {
			isa = PBXGroup;
			children = (
				90053ACD0111ABC06D662FC2 /* HomeCellViewModel.swift */,
				5CEEC183B64CC5D94DA017A4 /* HomeCenteredImageCell.swift */,
				33403D33493DAC77A379F78A /* HomeDatePickerCell.swift */,
				49F059032DB400AD5CCC8E11 /* HomeNormalCell.swift */,
				F4D75BCA77230A9DF2FCE5C7 /* HomePickerCell.swift */,
				CF07579D830099E53E2C2216 /* HomeTextFieldCell.swift */,
				003C8499ADD4FC0BFF20A1AA /* HomeToggleCell.swift */,
				F511D04464A23954033F2462 /* PlayerListCell.swift */,
			);
			path = Views;
			sourceTree = "<group>";
		};
		17B8FB8CF2FAE00874D2F955 /* FullScreenCover */ = {
			isa = PBXGroup;
			children = (
				7BA013736517687035E98F01 /* FullScreenCoverContext.swift */,
				072245DD9339CB11DCA0DDF3 /* FullScreenCoverProvider.swift */,
				62143FA7B8531D71D8360934 /* View+FullScreenCover.swift */,
			);
			path = FullScreenCover;
			sourceTree = "<group>";
		};
		3FBC439822C9FE5B15833023 /* Sheet */ = {
			isa = PBXGroup;
			children = (
				8A9251D05ACC9E50A16CBEA0 /* SheetContext.swift */,
				4D71FEC186FEC44CA45D3CF3 /* SheetProvider.swift */,
				E786B3B9D689A2FCBD3FD52C /* View+Sheet.swift */,
			);
			path = Sheet;
			sourceTree = "<group>";
		};
		406965B7FC03A2A52DD23DCE /* Shared */ = {
			isa = PBXGroup;
			children = (
				27933585C252C223136C3E83 /* Collection+Safe.swift */,
				D385DD928301E27C40ACD911 /* CustomWebView.swift */,
				F8229DD0C6E8238CCF11ECE8 /* CustomWebViewController.swift */,
				7973AE6B5393E440DB85AC8E /* DemoPlayerEventHandler.swift */,
				9ECA559F0B2B3091C409C131 /* DemoSettings.swift */,
				4E873DDD975E2DF7FBA9536F /* DemoSettings+Private.swift */,
				F3595C96C3107474506E9D94 /* Image+Demo.swift */,
				B2CAE4FD95B5459E5FB7B020 /* SelectableEnvironment.swift */,
				D71A33A71AB6E4954A475D7A /* UIImage+Demo.swift */,
				BAF1772D06734BBACFB97A6C /* UIViewController+Demo.swift */,
				AFF0442AAC80028F9173C650 /* Cart integration */,
			);
			name = Shared;
			path = ../Shared;
			sourceTree = "<group>";
		};
		70AC190A275C946CFA44F39C /* Preview Content */ = {
			isa = PBXGroup;
			children = (
				08A726BD6AB613AEC3941E9E /* Preview Assets.xcassets */,
			);
			path = "Preview Content";
			sourceTree = "<group>";
		};
		86B566265CBC18AE1DAFBFB3 /* Extensions */ = {
			isa = PBXGroup;
			children = (
				D2910CAE7A7893BA0AA5AD9E /* UIDevice+Utility.swift */,
				C4765DD1B81A39BC297B586F /* View+Orientation.swift */,
			);
			path = Extensions;
			sourceTree = "<group>";
		};
		88F5B24AA27DCA2C607860EE /* SwiftUI */ = {
			isa = PBXGroup;
			children = (
				22C8CE1CDBA723E1FE6C43DF /* Assets.xcassets */,
				A8A0FA2F15F29E2A3D574D77 /* Info.plist */,
				D56BA3A7844F4ED473A35B2E /* App */,
				86B566265CBC18AE1DAFBFB3 /* Extensions */,
				98A08CFB75B89CD5FB7F09DE /* Presentation */,
				70AC190A275C946CFA44F39C /* Preview Content */,
				D923CE0D2C3081F99066B168 /* Screens */,
				C85E2CA6409F700F6DEB04B9 /* Views */,
			);
			name = SwiftUI;
			path = ../SwiftUI/Demo;
			sourceTree = "<group>";
		};
		8A2CAF776C6C45888927CB59 /* Products */ = {
			isa = PBXGroup;
			children = (
				28D61D3BFBA4DD5E2E05F3F8 /* Demo-SwiftUI.app */,
				45C333C8E74259F4BD7EB3FC /* Demo-UIKit.app */,
			);
			name = Products;
			sourceTree = "<group>";
		};
		8F08D62A0933AA301781BF5A /* App */ = {
			isa = PBXGroup;
			children = (
				C1EA27AC56473A0C7A0C0605 /* AppDelegate.swift */,
				18FBEF582D2C375A0CB607E8 /* MainNavigationController.swift */,
				5DA073E7B83F4658A6571624 /* SceneDelegate.swift */,
			);
			path = App;
			sourceTree = "<group>";
		};
		98A08CFB75B89CD5FB7F09DE /* Presentation */ = {
			isa = PBXGroup;
			children = (
				BE7E29C0A80BE2BBD071A2DF /* PresentationContext.swift */,
				4A9926D5C28C93B6EDBA2EB2 /* ShareSheet.swift */,
				9A33E435DAFBD988C3EF048C /* Alert */,
				17B8FB8CF2FAE00874D2F955 /* FullScreenCover */,
				3FBC439822C9FE5B15833023 /* Sheet */,
			);
			path = Presentation;
			sourceTree = "<group>";
		};
		9A33E435DAFBD988C3EF048C /* Alert */ = {
			isa = PBXGroup;
			children = (
				2DC2FBF411EF015758E71A5D /* AlertContext.swift */,
				8FE9754D1DB691991F6644CB /* AlertProvider.swift */,
				9B7CB3366158A598E89B6F0F /* View+Alert.swift */,
			);
			path = Alert;
			sourceTree = "<group>";
		};
		AFF0442AAC80028F9173C650 /* Cart integration */ = {
			isa = PBXGroup;
			children = (
				334760FCAEEDDDBEB3F60A35 /* CartService.swift */,
				C80D65D8C4CC982B81819EAF /* MockedProducts.swift */,
			);
			path = "Cart integration";
			sourceTree = "<group>";
		};
		C85E2CA6409F700F6DEB04B9 /* Views */ = {
			isa = PBXGroup;
			children = (
				29A9C320E8825ADFD26F3650 /* BambuserLogoBackground.swift */,
				8CE9BD14517C2CAD5011101A /* ListIcon.swift */,
				96EF61507928C85F3C7E192A /* ListItem.swift */,
				DF1D1BC2D7B64425114CCA23 /* PlayerMenu.swift */,
				76DEAF7FD15682F3CBB9C044 /* SettingsListSection.swift */,
			);
			path = Views;
			sourceTree = "<group>";
		};
		D56BA3A7844F4ED473A35B2E /* App */ = {
			isa = PBXGroup;
			children = (
				06F12D55CE0AFEFBD6C861EC /* AppDelegate.swift */,
				45F22719791AEB61B595D86F /* DemoApp.swift */,
			);
			path = App;
			sourceTree = "<group>";
		};
		D61B6848747F73E8DDE75771 /* UIKit */ = {
			isa = PBXGroup;
			children = (
				4E024DF38CDAEE7A0CEE0EAF /* Assets.xcassets */,
				D728611FC3550F942775313C /* Info.plist */,
				4CDDE44BBBED14D1A5F2A158 /* LaunchScreen.storyboard */,
				8F08D62A0933AA301781BF5A /* App */,
				F3E2A773CDE179B65CA1D238 /* Screens */,
				03ADB791638DF9CBD22702BD /* Views */,
			);
			name = UIKit;
			path = ../UIKit/Demo;
			sourceTree = "<group>";
		};
		D923CE0D2C3081F99066B168 /* Screens */ = {
			isa = PBXGroup;
			children = (
				853A5C3C3570D0BDF156721C /* HomeScreen.swift */,
				7E4A089D7794077C5DD6B210 /* HostInAppCartView.swift */,
				D4D7C53DA0A18AA01D2279B5 /* HostInAppCartViewModel.swift */,
				106A82D91A5F40942114AB2A /* PlayerScreen.swift */,
			);
			path = Screens;
			sourceTree = "<group>";
		};
		F3E2A773CDE179B65CA1D238 /* Screens */ = {
			isa = PBXGroup;
			children = (
				237BFFF3BED6A4814D2D0C95 /* CartItemCell.swift */,
				EBDC50C91F72A30C16FCDDEC /* CartItemCellModel.swift */,
				63E10572320D68C49A83F182 /* HomeViewController.swift */,
				2E49B43AB23BA545F316FFDD /* HomeViewController+LoadCells.swift */,
				07B8C0977CA51AF7A524A955 /* HostInAppCartViewController.swift */,
				E1A1F720E1B94E45F506A8A1 /* PlayerListViewController.swift */,
				E9B71560AB0710239E7D7688 /* PlayerViewController.swift */,
			);
			path = Screens;
			sourceTree = "<group>";
		};
		F994AD468FCB9706B4365C26 = {
			isa = PBXGroup;
			children = (
				406965B7FC03A2A52DD23DCE /* Shared */,
				88F5B24AA27DCA2C607860EE /* SwiftUI */,
				D61B6848747F73E8DDE75771 /* UIKit */,
				8A2CAF776C6C45888927CB59 /* Products */,
			);
			sourceTree = "<group>";
		};
/* End PBXGroup section */

/* Begin PBXNativeTarget section */
		11B7A9655CDDD9D282395E5F /* Demo-SwiftUI */ = {
			isa = PBXNativeTarget;
			buildConfigurationList = 25453FD1F41818B437BB5848 /* Build configuration list for PBXNativeTarget "Demo-SwiftUI" */;
			buildPhases = (
				F393E7B5444A597F6F896E4D /* Sources */,
				D3982294839A901EF8D4C4C1 /* Resources */,
			);
			buildRules = (
			);
			dependencies = (
			);
			name = "Demo-SwiftUI";
			productName = "Demo-SwiftUI";
			productReference = 28D61D3BFBA4DD5E2E05F3F8 /* Demo-SwiftUI.app */;
			productType = "com.apple.product-type.application";
		};
		7F6F7D531ED899AC05006C2B /* Demo-UIKit */ = {
			isa = PBXNativeTarget;
			buildConfigurationList = 810CA7EF715185C47A1B8A08 /* Build configuration list for PBXNativeTarget "Demo-UIKit" */;
			buildPhases = (
				C07A9C9CAFF6F9D5959DBFE0 /* Sources */,
				369AB73B3C69A9C56507D453 /* Resources */,
			);
			buildRules = (
			);
			dependencies = (
			);
			name = "Demo-UIKit";
			productName = "Demo-UIKit";
			productReference = 45C333C8E74259F4BD7EB3FC /* Demo-UIKit.app */;
			productType = "com.apple.product-type.application";
		};
/* End PBXNativeTarget section */

/* Begin PBXProject section */
		D264DC772522B1035650C57D /* Project object */ = {
			isa = PBXProject;
			attributes = {
				BuildIndependentTargetsInParallel = YES;
				LastUpgradeCheck = 1430;
				TargetAttributes = {
					11B7A9655CDDD9D282395E5F = {
						DevelopmentTeam = U39FKA38DT;
						SystemCapabilities = {
							com.apple.Push = {
								enabled = 1;
							};
						};
					};
					7F6F7D531ED899AC05006C2B = {
						DevelopmentTeam = U39FKA38DT;
						SystemCapabilities = {
							com.apple.Push = {
								enabled = 1;
							};
						};
					};
				};
			};
			buildConfigurationList = EDDE46949C061BBC35E8EC45 /* Build configuration list for PBXProject "CocoapodsDemo" */;
			compatibilityVersion = "Xcode 14.0";
			developmentRegion = en;
			hasScannedForEncodings = 0;
			knownRegions = (
				Base,
				en,
			);
			mainGroup = F994AD468FCB9706B4365C26;
			projectDirPath = "";
			projectRoot = "";
			targets = (
				11B7A9655CDDD9D282395E5F /* Demo-SwiftUI */,
				7F6F7D531ED899AC05006C2B /* Demo-UIKit */,
			);
		};
/* End PBXProject section */

/* Begin PBXResourcesBuildPhase section */
		369AB73B3C69A9C56507D453 /* Resources */ = {
			isa = PBXResourcesBuildPhase;
			buildActionMask = 2147483647;
			files = (
				1EE5BAC0E9DD3602A0987873 /* Assets.xcassets in Resources */,
				BC57270A1F75764A47E507BB /* LaunchScreen.storyboard in Resources */,
			);
			runOnlyForDeploymentPostprocessing = 0;
		};
		D3982294839A901EF8D4C4C1 /* Resources */ = {
			isa = PBXResourcesBuildPhase;
			buildActionMask = 2147483647;
			files = (
				2F2E11F88A9AD9A8825A0D6D /* Assets.xcassets in Resources */,
				A607103BAC712C9A585926FB /* Preview Assets.xcassets in Resources */,
			);
			runOnlyForDeploymentPostprocessing = 0;
		};
/* End PBXResourcesBuildPhase section */

/* Begin PBXSourcesBuildPhase section */
		C07A9C9CAFF6F9D5959DBFE0 /* Sources */ = {
			isa = PBXSourcesBuildPhase;
			buildActionMask = 2147483647;
			files = (
				AC872811661F51876596162F /* AppDelegate.swift in Sources */,
				2A4B27BCE221E3D4297DC04C /* CartItemCell.swift in Sources */,
				406B21920F202E667474FC79 /* CartItemCellModel.swift in Sources */,
				1717E271A92001FCE9C8B679 /* CartService.swift in Sources */,
				4CD1CADDB66965327C00E957 /* Collection+Safe.swift in Sources */,
				0AE57D9B7C502ABB0F7CC0CF /* CustomWebView.swift in Sources */,
				F0AD923FF6D1CD63FC2A5576 /* CustomWebViewController.swift in Sources */,
				15CC9136D6F63D7AF8264E7A /* DemoPlayerEventHandler.swift in Sources */,
				33F68D950A556A10E0C136FC /* DemoSettings+Private.swift in Sources */,
				02138AB9DDCFDFA74417F21E /* DemoSettings.swift in Sources */,
				F15F053F6E02B2BF59DCA7FD /* HomeCellViewModel.swift in Sources */,
				8E6E1A6E260A6A81E009753D /* HomeCenteredImageCell.swift in Sources */,
				7DECC8954BC2F58BCF134402 /* HomeDatePickerCell.swift in Sources */,
				60F70DC17DFAB045BCB6C5AA /* HomeNormalCell.swift in Sources */,
				4EC1294A15EC3A45AC60F90E /* HomePickerCell.swift in Sources */,
				8B33A2FCCDA0BA3C06886FAE /* HomeTextFieldCell.swift in Sources */,
				23FD73874A09D139A36EE3A7 /* HomeToggleCell.swift in Sources */,
				F4C744BECA3D097D5BCF1FBB /* HomeViewController+LoadCells.swift in Sources */,
				D0673270C09B1451492BB956 /* HomeViewController.swift in Sources */,
				CA2589413AF971C0A9620BF0 /* HostInAppCartViewController.swift in Sources */,
				FED28F73E1E94A3108EEBD48 /* Image+Demo.swift in Sources */,
				EFAE5E0CADFFE334F30E915F /* MainNavigationController.swift in Sources */,
				5A64B4A1FC52B04567467661 /* MockedProducts.swift in Sources */,
				F30FBA79633226C3B8FB38C4 /* PlayerListCell.swift in Sources */,
				8A3FF9285D169D49F6DABC25 /* PlayerListViewController.swift in Sources */,
				0CFC76C4D5FD469779BF2464 /* PlayerViewController.swift in Sources */,
				D810CCF63E81372F72496251 /* SceneDelegate.swift in Sources */,
				3C77C78881934F22888753FF /* SelectableEnvironment.swift in Sources */,
				97F278819E02562A9E0014D8 /* UIImage+Demo.swift in Sources */,
				425BE483900105256322CF14 /* UIViewController+Demo.swift in Sources */,
			);
			runOnlyForDeploymentPostprocessing = 0;
		};
		F393E7B5444A597F6F896E4D /* Sources */ = {
			isa = PBXSourcesBuildPhase;
			buildActionMask = 2147483647;
			files = (
				F682A988990ECCF77C3B9341 /* AlertContext.swift in Sources */,
				C42C6BD233DD058470AC8E9C /* AlertProvider.swift in Sources */,
				FE0C77E7A09118C0041565B7 /* AppDelegate.swift in Sources */,
				20449BBE3DCEB84B35A0A3D6 /* BambuserLogoBackground.swift in Sources */,
				0CFB0BC667814021D169EB2F /* CartService.swift in Sources */,
				408D06280A2744211083AB4F /* Collection+Safe.swift in Sources */,
				970E42995D68DEF805C4B4C2 /* CustomWebView.swift in Sources */,
				00100221FFA1670B327516F6 /* CustomWebViewController.swift in Sources */,
				553DEF763303EF19828D82AB /* DemoApp.swift in Sources */,
				24BF599DDF99BF8A5A0BE1A8 /* DemoPlayerEventHandler.swift in Sources */,
				C64931D763921A1975489D9E /* DemoSettings+Private.swift in Sources */,
				A7C7AB8AA491BBAFAE5C07B0 /* DemoSettings.swift in Sources */,
				79B018C2DE1CCF2E2D168E65 /* FullScreenCoverContext.swift in Sources */,
				B2304A9578EC655C56192124 /* FullScreenCoverProvider.swift in Sources */,
				E787F647010AE28BD84CB222 /* HomeScreen.swift in Sources */,
				38DCA05796F442730A73AB28 /* HostInAppCartView.swift in Sources */,
				3AD6B37579D3759C9C0FE5E4 /* HostInAppCartViewModel.swift in Sources */,
				C39B0F7DBB6D324797388B62 /* Image+Demo.swift in Sources */,
				4684259571CC771851E4A2D0 /* ListIcon.swift in Sources */,
				8BB72E379EDDDFE36CB6738C /* ListItem.swift in Sources */,
				23F276E9BA50D2A0BA19872C /* MockedProducts.swift in Sources */,
				192C9C6B98BE3F2347FF8EE3 /* PlayerMenu.swift in Sources */,
				30F6A778FB03FAB70C3CF233 /* PlayerScreen.swift in Sources */,
				E06538ED4BD03C36DFC2A11A /* PresentationContext.swift in Sources */,
				FC129D75E9FE4EDDE401FEC4 /* SelectableEnvironment.swift in Sources */,
				BEDC79D0D2FF9FF5220A5CFB /* SettingsListSection.swift in Sources */,
				5AE796681548063FAF1FA3CB /* ShareSheet.swift in Sources */,
				690302904EE380372573D2CF /* SheetContext.swift in Sources */,
				B21C9BB3873E62CCF938673A /* SheetProvider.swift in Sources */,
				F16F10E57A58DAD11283E246 /* UIDevice+Utility.swift in Sources */,
				A8406C7701B2C25FDCC713B2 /* UIImage+Demo.swift in Sources */,
				2D5BA41570A7EA3268756661 /* UIViewController+Demo.swift in Sources */,
				8FCB3BBF004206B4C234727B /* View+Alert.swift in Sources */,
				063D1A67A1202AD4BEBFB7B6 /* View+FullScreenCover.swift in Sources */,
				AAAA98F253DEF8A013BF3E62 /* View+Orientation.swift in Sources */,
				E21CF237528B282F39294FB1 /* View+Sheet.swift in Sources */,
			);
			runOnlyForDeploymentPostprocessing = 0;
		};
/* End PBXSourcesBuildPhase section */

/* Begin PBXVariantGroup section */
		4CDDE44BBBED14D1A5F2A158 /* LaunchScreen.storyboard */ = {
			isa = PBXVariantGroup;
			children = (
				A6EB34B3A49E1AA130CE6310 /* Base */,
			);
			name = LaunchScreen.storyboard;
			sourceTree = "<group>";
		};
/* End PBXVariantGroup section */

/* Begin XCBuildConfiguration section */
		4049AFDA7C4BF878F159B447 /* Debug */ = {
			isa = XCBuildConfiguration;
			buildSettings = {
				ALWAYS_SEARCH_USER_PATHS = NO;
				CLANG_ANALYZER_NONNULL = YES;
				CLANG_ANALYZER_NUMBER_OBJECT_CONVERSION = YES_AGGRESSIVE;
				CLANG_CXX_LANGUAGE_STANDARD = "gnu++14";
				CLANG_CXX_LIBRARY = "libc++";
				CLANG_ENABLE_MODULES = YES;
				CLANG_ENABLE_OBJC_ARC = YES;
				CLANG_ENABLE_OBJC_WEAK = YES;
				CLANG_WARN_BLOCK_CAPTURE_AUTORELEASING = YES;
				CLANG_WARN_BOOL_CONVERSION = YES;
				CLANG_WARN_COMMA = YES;
				CLANG_WARN_CONSTANT_CONVERSION = YES;
				CLANG_WARN_DEPRECATED_OBJC_IMPLEMENTATIONS = YES;
				CLANG_WARN_DIRECT_OBJC_ISA_USAGE = YES_ERROR;
				CLANG_WARN_DOCUMENTATION_COMMENTS = YES;
				CLANG_WARN_EMPTY_BODY = YES;
				CLANG_WARN_ENUM_CONVERSION = YES;
				CLANG_WARN_INFINITE_RECURSION = YES;
				CLANG_WARN_INT_CONVERSION = YES;
				CLANG_WARN_NON_LITERAL_NULL_CONVERSION = YES;
				CLANG_WARN_OBJC_IMPLICIT_RETAIN_SELF = YES;
				CLANG_WARN_OBJC_LITERAL_CONVERSION = YES;
				CLANG_WARN_OBJC_ROOT_CLASS = YES_ERROR;
				CLANG_WARN_QUOTED_INCLUDE_IN_FRAMEWORK_HEADER = YES;
				CLANG_WARN_RANGE_LOOP_ANALYSIS = YES;
				CLANG_WARN_STRICT_PROTOTYPES = YES;
				CLANG_WARN_SUSPICIOUS_MOVE = YES;
				CLANG_WARN_UNGUARDED_AVAILABILITY = YES_AGGRESSIVE;
				CLANG_WARN_UNREACHABLE_CODE = YES;
				CLANG_WARN__DUPLICATE_METHOD_MATCH = YES;
				COPY_PHASE_STRIP = NO;
				DEBUG_INFORMATION_FORMAT = dwarf;
				ENABLE_STRICT_OBJC_MSGSEND = YES;
				ENABLE_TESTABILITY = YES;
				GCC_C_LANGUAGE_STANDARD = gnu11;
				GCC_DYNAMIC_NO_PIC = NO;
				GCC_NO_COMMON_BLOCKS = YES;
				GCC_OPTIMIZATION_LEVEL = 0;
				GCC_PREPROCESSOR_DEFINITIONS = (
					"$(inherited)",
					"DEBUG=1",
				);
				GCC_WARN_64_TO_32_BIT_CONVERSION = YES;
				GCC_WARN_ABOUT_RETURN_TYPE = YES_ERROR;
				GCC_WARN_UNDECLARED_SELECTOR = YES;
				GCC_WARN_UNINITIALIZED_AUTOS = YES_AGGRESSIVE;
				GCC_WARN_UNUSED_FUNCTION = YES;
				GCC_WARN_UNUSED_VARIABLE = YES;
				MTL_ENABLE_DEBUG_INFO = INCLUDE_SOURCE;
				MTL_FAST_MATH = YES;
				ONLY_ACTIVE_ARCH = YES;
				PRODUCT_NAME = "$(TARGET_NAME)";
				SDKROOT = iphoneos;
				SWIFT_ACTIVE_COMPILATION_CONDITIONS = DEBUG;
				SWIFT_OPTIMIZATION_LEVEL = "-Onone";
				SWIFT_VERSION = 5.0;
			};
			name = Debug;
		};
		6B59E364869E585C23094737 /* Release */ = {
			isa = XCBuildConfiguration;
			buildSettings = {
				ALWAYS_SEARCH_USER_PATHS = NO;
				CLANG_ANALYZER_NONNULL = YES;
				CLANG_ANALYZER_NUMBER_OBJECT_CONVERSION = YES_AGGRESSIVE;
				CLANG_CXX_LANGUAGE_STANDARD = "gnu++14";
				CLANG_CXX_LIBRARY = "libc++";
				CLANG_ENABLE_MODULES = YES;
				CLANG_ENABLE_OBJC_ARC = YES;
				CLANG_ENABLE_OBJC_WEAK = YES;
				CLANG_WARN_BLOCK_CAPTURE_AUTORELEASING = YES;
				CLANG_WARN_BOOL_CONVERSION = YES;
				CLANG_WARN_COMMA = YES;
				CLANG_WARN_CONSTANT_CONVERSION = YES;
				CLANG_WARN_DEPRECATED_OBJC_IMPLEMENTATIONS = YES;
				CLANG_WARN_DIRECT_OBJC_ISA_USAGE = YES_ERROR;
				CLANG_WARN_DOCUMENTATION_COMMENTS = YES;
				CLANG_WARN_EMPTY_BODY = YES;
				CLANG_WARN_ENUM_CONVERSION = YES;
				CLANG_WARN_INFINITE_RECURSION = YES;
				CLANG_WARN_INT_CONVERSION = YES;
				CLANG_WARN_NON_LITERAL_NULL_CONVERSION = YES;
				CLANG_WARN_OBJC_IMPLICIT_RETAIN_SELF = YES;
				CLANG_WARN_OBJC_LITERAL_CONVERSION = YES;
				CLANG_WARN_OBJC_ROOT_CLASS = YES_ERROR;
				CLANG_WARN_QUOTED_INCLUDE_IN_FRAMEWORK_HEADER = YES;
				CLANG_WARN_RANGE_LOOP_ANALYSIS = YES;
				CLANG_WARN_STRICT_PROTOTYPES = YES;
				CLANG_WARN_SUSPICIOUS_MOVE = YES;
				CLANG_WARN_UNGUARDED_AVAILABILITY = YES_AGGRESSIVE;
				CLANG_WARN_UNREACHABLE_CODE = YES;
				CLANG_WARN__DUPLICATE_METHOD_MATCH = YES;
				COPY_PHASE_STRIP = NO;
				DEBUG_INFORMATION_FORMAT = "dwarf-with-dsym";
				ENABLE_NS_ASSERTIONS = NO;
				ENABLE_STRICT_OBJC_MSGSEND = YES;
				GCC_C_LANGUAGE_STANDARD = gnu11;
				GCC_NO_COMMON_BLOCKS = YES;
				GCC_WARN_64_TO_32_BIT_CONVERSION = YES;
				GCC_WARN_ABOUT_RETURN_TYPE = YES_ERROR;
				GCC_WARN_UNDECLARED_SELECTOR = YES;
				GCC_WARN_UNINITIALIZED_AUTOS = YES_AGGRESSIVE;
				GCC_WARN_UNUSED_FUNCTION = YES;
				GCC_WARN_UNUSED_VARIABLE = YES;
				MTL_ENABLE_DEBUG_INFO = NO;
				MTL_FAST_MATH = YES;
				PRODUCT_NAME = "$(TARGET_NAME)";
				SDKROOT = iphoneos;
				SWIFT_COMPILATION_MODE = wholemodule;
				SWIFT_OPTIMIZATION_LEVEL = "-O";
				SWIFT_VERSION = 5.0;
			};
			name = Release;
		};
		6C3670D3C6102AF89137F257 /* Debug */ = {
			isa = XCBuildConfiguration;
			buildSettings = {
				ASSETCATALOG_COMPILER_APPICON_NAME = AppIcon;
				CODE_SIGN_ENTITLEMENTS = Demo.entitlements;
				CODE_SIGN_IDENTITY = "iPhone Developer";
				DEVELOPMENT_TEAM = U39FKA38DT;
				ENABLE_BITCODE = NO;
				INFOPLIST_FILE = ../SwiftUI/Demo/Info.plist;
				IPHONEOS_DEPLOYMENT_TARGET = 15.0;
				LD_RUNPATH_SEARCH_PATHS = (
					"$(inherited)",
					"@executable_path/Frameworks",
				);
				PRODUCT_BUNDLE_IDENTIFIER = com.bambuser.livevideoshoppingplayer.demo.swiftui;
				SDKROOT = iphoneos;
				TARGETED_DEVICE_FAMILY = "1,2";
			};
			name = Debug;
		};
		CAAD95356057135F453E4777 /* Release */ = {
			isa = XCBuildConfiguration;
			buildSettings = {
				ASSETCATALOG_COMPILER_APPICON_NAME = AppIcon;
				CODE_SIGN_ENTITLEMENTS = Demo.entitlements;
				CODE_SIGN_IDENTITY = "iPhone Developer";
				DEVELOPMENT_TEAM = U39FKA38DT;
				ENABLE_BITCODE = NO;
				INFOPLIST_FILE = ../SwiftUI/Demo/Info.plist;
				IPHONEOS_DEPLOYMENT_TARGET = 15.0;
				LD_RUNPATH_SEARCH_PATHS = (
					"$(inherited)",
					"@executable_path/Frameworks",
				);
				PRODUCT_BUNDLE_IDENTIFIER = com.bambuser.livevideoshoppingplayer.demo.swiftui;
				SDKROOT = iphoneos;
				TARGETED_DEVICE_FAMILY = "1,2";
			};
			name = Release;
		};
		E3B08AC831CCFCD3A4C53E69 /* Debug */ = {
			isa = XCBuildConfiguration;
			buildSettings = {
				ASSETCATALOG_COMPILER_APPICON_NAME = AppIcon;
				CODE_SIGN_ENTITLEMENTS = Demo.entitlements;
				CODE_SIGN_IDENTITY = "iPhone Developer";
				DEVELOPMENT_TEAM = U39FKA38DT;
				ENABLE_BITCODE = NO;
				INFOPLIST_FILE = ../UIKit/Demo/Info.plist;
				IPHONEOS_DEPLOYMENT_TARGET = 15.0;
				LD_RUNPATH_SEARCH_PATHS = (
					"$(inherited)",
					"@executable_path/Frameworks",
				);
				PRODUCT_BUNDLE_IDENTIFIER = com.bambuser.livevideoshoppingplayer.demo.swiftui;
				SDKROOT = iphoneos;
				TARGETED_DEVICE_FAMILY = "1,2";
			};
			name = Debug;
		};
		F3F89DDBC6BE08A97CA6695C /* Release */ = {
			isa = XCBuildConfiguration;
			buildSettings = {
				ASSETCATALOG_COMPILER_APPICON_NAME = AppIcon;
				CODE_SIGN_ENTITLEMENTS = Demo.entitlements;
				CODE_SIGN_IDENTITY = "iPhone Developer";
				DEVELOPMENT_TEAM = U39FKA38DT;
				ENABLE_BITCODE = NO;
				INFOPLIST_FILE = ../UIKit/Demo/Info.plist;
				IPHONEOS_DEPLOYMENT_TARGET = 15.0;
				LD_RUNPATH_SEARCH_PATHS = (
					"$(inherited)",
					"@executable_path/Frameworks",
				);
				PRODUCT_BUNDLE_IDENTIFIER = com.bambuser.livevideoshoppingplayer.demo.swiftui;
				SDKROOT = iphoneos;
				TARGETED_DEVICE_FAMILY = "1,2";
			};
			name = Release;
		};
/* End XCBuildConfiguration section */

/* Begin XCConfigurationList section */
		25453FD1F41818B437BB5848 /* Build configuration list for PBXNativeTarget "Demo-SwiftUI" */ = {
			isa = XCConfigurationList;
			buildConfigurations = (
				6C3670D3C6102AF89137F257 /* Debug */,
				CAAD95356057135F453E4777 /* Release */,
			);
			defaultConfigurationIsVisible = 0;
			defaultConfigurationName = Debug;
		};
		810CA7EF715185C47A1B8A08 /* Build configuration list for PBXNativeTarget "Demo-UIKit" */ = {
			isa = XCConfigurationList;
			buildConfigurations = (
				E3B08AC831CCFCD3A4C53E69 /* Debug */,
				F3F89DDBC6BE08A97CA6695C /* Release */,
			);
			defaultConfigurationIsVisible = 0;
			defaultConfigurationName = Debug;
		};
		EDDE46949C061BBC35E8EC45 /* Build configuration list for PBXProject "CocoapodsDemo" */ = {
			isa = XCConfigurationList;
			buildConfigurations = (
				4049AFDA7C4BF878F159B447 /* Debug */,
				6B59E364869E585C23094737 /* Release */,
			);
			defaultConfigurationIsVisible = 0;
			defaultConfigurationName = Debug;
		};
/* End XCConfigurationList section */
	};
	rootObject = D264DC772522B1035650C57D /* Project object */;
}
