// !$*UTF8*$!
{
	archiveVersion = 1;
	classes = {
	};
	objectVersion = 54;
	objects = {

/* Begin PBXBuildFile section */
		0134A8D88F933A755EC038A2 /* HomeCenteredImageCell.swift in Sources */ = {isa = PBXBuildFile; fileRef = 2BBDFE7B375BCCAA4E6788A1 /* HomeCenteredImageCell.swift */; };
		07CAC37B2D854242B99E5E9B /* Collection+Safe.swift in Sources */ = {isa = PBXBuildFile; fileRef = 74AE7E3824C04C2460510246 /* Collection+Safe.swift */; };
		08BF84BA2A3D3ECB7021E4B8 /* MockedProducts.swift in Sources */ = {isa = PBXBuildFile; fileRef = 4C083789748833F36A730661 /* MockedProducts.swift */; };
		1BB14D002024165CD197134C /* DemoPlayerEventHandler.swift in Sources */ = {isa = PBXBuildFile; fileRef = 08DC3C34700E21CF68526C17 /* DemoPlayerEventHandler.swift */; };
		1D1FDBFA6ACD865F52442B8B /* CartService.swift in Sources */ = {isa = PBXBuildFile; fileRef = 8615D3E7BC7104DE08EC0BA6 /* CartService.swift */; };
		1D6538DD756FCF7A33B2E537 /* CustomWebView.swift in Sources */ = {isa = PBXBuildFile; fileRef = D5A3D8CD8A3668849AEC4530 /* CustomWebView.swift */; };
		21D461688709C2F5F2023C9A /* HomeCellViewModel.swift in Sources */ = {isa = PBXBuildFile; fileRef = 97E66B988F880ADFCACA6718 /* HomeCellViewModel.swift */; };
		2766D3C58C6B697CFE73E9CF /* LaunchScreen.storyboard in Resources */ = {isa = PBXBuildFile; fileRef = 8EB45DA3A046770C2E779E5D /* LaunchScreen.storyboard */; };
		28B44A59B20E1C8B83F7B0B8 /* DemoSettings.swift in Sources */ = {isa = PBXBuildFile; fileRef = B5823EA64078CD8F6C0E78ED /* DemoSettings.swift */; };
		35583643DC9D6A4F24E9A687 /* CartItemCell.swift in Sources */ = {isa = PBXBuildFile; fileRef = AD76A9E88AFBC5F0A2F2D0A2 /* CartItemCell.swift */; };
		36DEBB54CD5F19905AED02E7 /* PlayerViewController.swift in Sources */ = {isa = PBXBuildFile; fileRef = 5128BE7B7D97E9C1CCAA8104 /* PlayerViewController.swift */; };
		3D3B8763A13F75D67D11C226 /* CartViewController.swift in Sources */ = {isa = PBXBuildFile; fileRef = 0588C0DD62E13D59FD442CA0 /* CartViewController.swift */; };
		58B2C4AA1FD57B0D69720362 /* HomeDatePickerCell.swift in Sources */ = {isa = PBXBuildFile; fileRef = 5578CE9E13FA18BA73A595EA /* HomeDatePickerCell.swift */; };
		5ADBB7E291B2B29C3230F679 /* PlayerListViewController.swift in Sources */ = {isa = PBXBuildFile; fileRef = 382AB50D11BFDA72B741D163 /* PlayerListViewController.swift */; };
		67C96A013A451E17A922995E /* MainNavigationController.swift in Sources */ = {isa = PBXBuildFile; fileRef = DEB7121D2A41D6DF30FAC847 /* MainNavigationController.swift */; };
		6FB2D3C0BBE1D71E9373FFD3 /* HomeViewController+LoadCells.swift in Sources */ = {isa = PBXBuildFile; fileRef = 056C1C153F94809F905FD4CF /* HomeViewController+LoadCells.swift */; };
		73F843E248BF87CCC0148A03 /* CartItemCellModel.swift in Sources */ = {isa = PBXBuildFile; fileRef = 7F08AF87C727421F4310D3C8 /* CartItemCellModel.swift */; };
		7FD297E8916DD7CA7180E134 /* PlayerListCell.swift in Sources */ = {isa = PBXBuildFile; fileRef = BA5008AC1C296DD81D2104CC /* PlayerListCell.swift */; };
		8B191DAF51D8F44A24AF61B4 /* CustomWebViewController.swift in Sources */ = {isa = PBXBuildFile; fileRef = 362D49820710CE9D8F10A128 /* CustomWebViewController.swift */; };
		9595FCDB37820DEDA057EF04 /* HomeNormalCell.swift in Sources */ = {isa = PBXBuildFile; fileRef = 9287F13CF0FB5F7F9F06922B /* HomeNormalCell.swift */; };
		9853E1314FCAAE08508FE5C6 /* UIViewController+Demo.swift in Sources */ = {isa = PBXBuildFile; fileRef = 47617A3BFD4B07583BC5E9AB /* UIViewController+Demo.swift */; };
		A3885A28397C862AD4A17741 /* HomePickerCell.swift in Sources */ = {isa = PBXBuildFile; fileRef = 49180F5B64BFDA4616FD8DBC /* HomePickerCell.swift */; };
		B254240C8CE4FEC1CFE7971D /* Assets.xcassets in Resources */ = {isa = PBXBuildFile; fileRef = EAEE1B0808B0698817374BB9 /* Assets.xcassets */; };
		B6BC11B10DA546E16EA6CB6A /* UIImage+Demo.swift in Sources */ = {isa = PBXBuildFile; fileRef = A9CB33484A07A744965D06E5 /* UIImage+Demo.swift */; };
		C5ED39F059C654F945E32F43 /* SelectableEnvironment.swift in Sources */ = {isa = PBXBuildFile; fileRef = 48CAD322CBA7DD2756FF82D7 /* SelectableEnvironment.swift */; };
		CBB89557833FC86E3181174B /* AppDelegate.swift in Sources */ = {isa = PBXBuildFile; fileRef = 19AA20B3143EF20724A825AD /* AppDelegate.swift */; };
		CDB261D43608B54353D1D344 /* BambuserPlayerSDK in Frameworks */ = {isa = PBXBuildFile; productRef = A21861F47C61C672E37E81C6 /* BambuserPlayerSDK */; };
		D0B7E99BE27CE078705818B3 /* HostInAppCartViewController.swift in Sources */ = {isa = PBXBuildFile; fileRef = DA82F3E7D8D9397F3E85F451 /* HostInAppCartViewController.swift */; };
		E5373C8E896D7C15810DED97 /* DemoSettings+Private.swift in Sources */ = {isa = PBXBuildFile; fileRef = E6F88DF4CD9F7DB150C66B9B /* DemoSettings+Private.swift */; };
		E6C9711C937A4966C6FB4D1B /* SceneDelegate.swift in Sources */ = {isa = PBXBuildFile; fileRef = C3C8AE1C039E38A15DDAB812 /* SceneDelegate.swift */; };
		F08127826F764CC08F50F0E8 /* HomeToggleCell.swift in Sources */ = {isa = PBXBuildFile; fileRef = 7FF06F72AC28D6CE1C01CAD8 /* HomeToggleCell.swift */; };
		F49849C76872DEE3F5609AED /* HomeTextFieldCell.swift in Sources */ = {isa = PBXBuildFile; fileRef = 720EDE08A7E1CEC504F15E59 /* HomeTextFieldCell.swift */; };
		FB26BD0762C70004AD39CB9C /* HomeViewController.swift in Sources */ = {isa = PBXBuildFile; fileRef = C63F8C54CB26238533328D62 /* HomeViewController.swift */; };
		FBFA4B1A37957DC8F22294C8 /* Image+Demo.swift in Sources */ = {isa = PBXBuildFile; fileRef = 0C71735B512B2D06047171CD /* Image+Demo.swift */; };
/* End PBXBuildFile section */

/* Begin PBXFileReference section */
		056C1C153F94809F905FD4CF /* HomeViewController+LoadCells.swift */ = {isa = PBXFileReference; lastKnownFileType = sourcecode.swift; path = "HomeViewController+LoadCells.swift"; sourceTree = "<group>"; };
		0588C0DD62E13D59FD442CA0 /* CartViewController.swift */ = {isa = PBXFileReference; lastKnownFileType = sourcecode.swift; path = CartViewController.swift; sourceTree = "<group>"; };
		08DC3C34700E21CF68526C17 /* DemoPlayerEventHandler.swift */ = {isa = PBXFileReference; lastKnownFileType = sourcecode.swift; path = DemoPlayerEventHandler.swift; sourceTree = "<group>"; };
		0C71735B512B2D06047171CD /* Image+Demo.swift */ = {isa = PBXFileReference; lastKnownFileType = sourcecode.swift; path = "Image+Demo.swift"; sourceTree = "<group>"; };
		19AA20B3143EF20724A825AD /* AppDelegate.swift */ = {isa = PBXFileReference; lastKnownFileType = sourcecode.swift; path = AppDelegate.swift; sourceTree = "<group>"; };
		2BBDFE7B375BCCAA4E6788A1 /* HomeCenteredImageCell.swift */ = {isa = PBXFileReference; lastKnownFileType = sourcecode.swift; path = HomeCenteredImageCell.swift; sourceTree = "<group>"; };
		362D49820710CE9D8F10A128 /* CustomWebViewController.swift */ = {isa = PBXFileReference; lastKnownFileType = sourcecode.swift; path = CustomWebViewController.swift; sourceTree = "<group>"; };
		382AB50D11BFDA72B741D163 /* PlayerListViewController.swift */ = {isa = PBXFileReference; lastKnownFileType = sourcecode.swift; path = PlayerListViewController.swift; sourceTree = "<group>"; };
		46527D41A121D6457B60031B /* Info.plist */ = {isa = PBXFileReference; lastKnownFileType = text.plist; path = Info.plist; sourceTree = "<group>"; };
		47617A3BFD4B07583BC5E9AB /* UIViewController+Demo.swift */ = {isa = PBXFileReference; lastKnownFileType = sourcecode.swift; path = "UIViewController+Demo.swift"; sourceTree = "<group>"; };
		48CAD322CBA7DD2756FF82D7 /* SelectableEnvironment.swift */ = {isa = PBXFileReference; lastKnownFileType = sourcecode.swift; path = SelectableEnvironment.swift; sourceTree = "<group>"; };
		49180F5B64BFDA4616FD8DBC /* HomePickerCell.swift */ = {isa = PBXFileReference; lastKnownFileType = sourcecode.swift; path = HomePickerCell.swift; sourceTree = "<group>"; };
		4C083789748833F36A730661 /* MockedProducts.swift */ = {isa = PBXFileReference; lastKnownFileType = sourcecode.swift; path = MockedProducts.swift; sourceTree = "<group>"; };
		5128BE7B7D97E9C1CCAA8104 /* PlayerViewController.swift */ = {isa = PBXFileReference; lastKnownFileType = sourcecode.swift; path = PlayerViewController.swift; sourceTree = "<group>"; };
		5578CE9E13FA18BA73A595EA /* HomeDatePickerCell.swift */ = {isa = PBXFileReference; lastKnownFileType = sourcecode.swift; path = HomeDatePickerCell.swift; sourceTree = "<group>"; };
		5DB1F1820B7D293278792B0E /* Base */ = {isa = PBXFileReference; lastKnownFileType = file.storyboard; name = Base; path = Base.lproj/LaunchScreen.storyboard; sourceTree = "<group>"; };
		720EDE08A7E1CEC504F15E59 /* HomeTextFieldCell.swift */ = {isa = PBXFileReference; lastKnownFileType = sourcecode.swift; path = HomeTextFieldCell.swift; sourceTree = "<group>"; };
		74AE7E3824C04C2460510246 /* Collection+Safe.swift */ = {isa = PBXFileReference; lastKnownFileType = sourcecode.swift; path = "Collection+Safe.swift"; sourceTree = "<group>"; };
		7F08AF87C727421F4310D3C8 /* CartItemCellModel.swift */ = {isa = PBXFileReference; lastKnownFileType = sourcecode.swift; path = CartItemCellModel.swift; sourceTree = "<group>"; };
		7FF06F72AC28D6CE1C01CAD8 /* HomeToggleCell.swift */ = {isa = PBXFileReference; lastKnownFileType = sourcecode.swift; path = HomeToggleCell.swift; sourceTree = "<group>"; };
		8615D3E7BC7104DE08EC0BA6 /* CartService.swift */ = {isa = PBXFileReference; lastKnownFileType = sourcecode.swift; path = CartService.swift; sourceTree = "<group>"; };
		9287F13CF0FB5F7F9F06922B /* HomeNormalCell.swift */ = {isa = PBXFileReference; lastKnownFileType = sourcecode.swift; path = HomeNormalCell.swift; sourceTree = "<group>"; };
		97E66B988F880ADFCACA6718 /* HomeCellViewModel.swift */ = {isa = PBXFileReference; lastKnownFileType = sourcecode.swift; path = HomeCellViewModel.swift; sourceTree = "<group>"; };
		A9CB33484A07A744965D06E5 /* UIImage+Demo.swift */ = {isa = PBXFileReference; lastKnownFileType = sourcecode.swift; path = "UIImage+Demo.swift"; sourceTree = "<group>"; };
		AD76A9E88AFBC5F0A2F2D0A2 /* CartItemCell.swift */ = {isa = PBXFileReference; lastKnownFileType = sourcecode.swift; path = CartItemCell.swift; sourceTree = "<group>"; };
		B5823EA64078CD8F6C0E78ED /* DemoSettings.swift */ = {isa = PBXFileReference; lastKnownFileType = sourcecode.swift; path = DemoSettings.swift; sourceTree = "<group>"; };
		BA5008AC1C296DD81D2104CC /* PlayerListCell.swift */ = {isa = PBXFileReference; lastKnownFileType = sourcecode.swift; path = PlayerListCell.swift; sourceTree = "<group>"; };
		C3C8AE1C039E38A15DDAB812 /* SceneDelegate.swift */ = {isa = PBXFileReference; lastKnownFileType = sourcecode.swift; path = SceneDelegate.swift; sourceTree = "<group>"; };
		C63F8C54CB26238533328D62 /* HomeViewController.swift */ = {isa = PBXFileReference; lastKnownFileType = sourcecode.swift; path = HomeViewController.swift; sourceTree = "<group>"; };
		D5A3D8CD8A3668849AEC4530 /* CustomWebView.swift */ = {isa = PBXFileReference; lastKnownFileType = sourcecode.swift; path = CustomWebView.swift; sourceTree = "<group>"; };
		DA82F3E7D8D9397F3E85F451 /* HostInAppCartViewController.swift */ = {isa = PBXFileReference; lastKnownFileType = sourcecode.swift; path = HostInAppCartViewController.swift; sourceTree = "<group>"; };
		DEB7121D2A41D6DF30FAC847 /* MainNavigationController.swift */ = {isa = PBXFileReference; lastKnownFileType = sourcecode.swift; path = MainNavigationController.swift; sourceTree = "<group>"; };
		E6F88DF4CD9F7DB150C66B9B /* DemoSettings+Private.swift */ = {isa = PBXFileReference; lastKnownFileType = sourcecode.swift; path = "DemoSettings+Private.swift"; sourceTree = "<group>"; };
		EAEE1B0808B0698817374BB9 /* Assets.xcassets */ = {isa = PBXFileReference; lastKnownFileType = folder.assetcatalog; path = Assets.xcassets; sourceTree = "<group>"; };
		FF9F70EF4CD66047A26D01C7 /* Demo-UIKit.app */ = {isa = PBXFileReference; includeInIndex = 0; lastKnownFileType = wrapper.application; path = "Demo-UIKit.app"; sourceTree = BUILT_PRODUCTS_DIR; };
/* End PBXFileReference section */

/* Begin PBXFrameworksBuildPhase section */
		6FBACEDEF88CCB0A87EAA084 /* Frameworks */ = {
			isa = PBXFrameworksBuildPhase;
			buildActionMask = 2147483647;
			files = (
				CDB261D43608B54353D1D344 /* BambuserPlayerSDK in Frameworks */,
			);
			runOnlyForDeploymentPostprocessing = 0;
		};
/* End PBXFrameworksBuildPhase section */

/* Begin PBXGroup section */
		037F63F2CF400427EA3FFDF5 /* Demo */ = {
			isa = PBXGroup;
			children = (
				EAEE1B0808B0698817374BB9 /* Assets.xcassets */,
				46527D41A121D6457B60031B /* Info.plist */,
				8EB45DA3A046770C2E779E5D /* LaunchScreen.storyboard */,
				A6FC0987B6B636AE7DD55448 /* App */,
				330E52C6A80621580E221F1D /* Screens */,
				A0927CF408E1AF6E525CA888 /* Views */,
			);
			path = Demo;
			sourceTree = "<group>";
		};
		330E52C6A80621580E221F1D /* Screens */ = {
			isa = PBXGroup;
			children = (
				AD76A9E88AFBC5F0A2F2D0A2 /* CartItemCell.swift */,
				7F08AF87C727421F4310D3C8 /* CartItemCellModel.swift */,
				C63F8C54CB26238533328D62 /* HomeViewController.swift */,
				056C1C153F94809F905FD4CF /* HomeViewController+LoadCells.swift */,
				DA82F3E7D8D9397F3E85F451 /* HostInAppCartViewController.swift */,
				382AB50D11BFDA72B741D163 /* PlayerListViewController.swift */,
				5128BE7B7D97E9C1CCAA8104 /* PlayerViewController.swift */,
			);
			path = Screens;
			sourceTree = "<group>";
		};
		36AECDB5657EAA7A126E31AD /* Cart integration */ = {
			isa = PBXGroup;
			children = (
				8615D3E7BC7104DE08EC0BA6 /* CartService.swift */,
				4C083789748833F36A730661 /* MockedProducts.swift */,
			);
			path = "Cart integration";
			sourceTree = "<group>";
		};
		3BF070B06906121BC395543B /* Shared */ = {
			isa = PBXGroup;
			children = (
				0588C0DD62E13D59FD442CA0 /* CartViewController.swift */,
				74AE7E3824C04C2460510246 /* Collection+Safe.swift */,
				D5A3D8CD8A3668849AEC4530 /* CustomWebView.swift */,
				362D49820710CE9D8F10A128 /* CustomWebViewController.swift */,
				08DC3C34700E21CF68526C17 /* DemoPlayerEventHandler.swift */,
				B5823EA64078CD8F6C0E78ED /* DemoSettings.swift */,
				E6F88DF4CD9F7DB150C66B9B /* DemoSettings+Private.swift */,
				0C71735B512B2D06047171CD /* Image+Demo.swift */,
				48CAD322CBA7DD2756FF82D7 /* SelectableEnvironment.swift */,
				A9CB33484A07A744965D06E5 /* UIImage+Demo.swift */,
				47617A3BFD4B07583BC5E9AB /* UIViewController+Demo.swift */,
				36AECDB5657EAA7A126E31AD /* Cart integration */,
			);
			name = Shared;
			path = ../Shared;
			sourceTree = "<group>";
		};
		7DD9B7EBF96BAD352EAB73DE = {
			isa = PBXGroup;
			children = (
				037F63F2CF400427EA3FFDF5 /* Demo */,
				3BF070B06906121BC395543B /* Shared */,
				906F3C041AF99B250C425829 /* Products */,
			);
			sourceTree = "<group>";
		};
		906F3C041AF99B250C425829 /* Products */ = {
			isa = PBXGroup;
			children = (
				FF9F70EF4CD66047A26D01C7 /* Demo-UIKit.app */,
			);
			name = Products;
			sourceTree = "<group>";
		};
		A0927CF408E1AF6E525CA888 /* Views */ = {
			isa = PBXGroup;
			children = (
				97E66B988F880ADFCACA6718 /* HomeCellViewModel.swift */,
				2BBDFE7B375BCCAA4E6788A1 /* HomeCenteredImageCell.swift */,
				5578CE9E13FA18BA73A595EA /* HomeDatePickerCell.swift */,
				9287F13CF0FB5F7F9F06922B /* HomeNormalCell.swift */,
				49180F5B64BFDA4616FD8DBC /* HomePickerCell.swift */,
				720EDE08A7E1CEC504F15E59 /* HomeTextFieldCell.swift */,
				7FF06F72AC28D6CE1C01CAD8 /* HomeToggleCell.swift */,
				BA5008AC1C296DD81D2104CC /* PlayerListCell.swift */,
			);
			path = Views;
			sourceTree = "<group>";
		};
		A6FC0987B6B636AE7DD55448 /* App */ = {
			isa = PBXGroup;
			children = (
				19AA20B3143EF20724A825AD /* AppDelegate.swift */,
				DEB7121D2A41D6DF30FAC847 /* MainNavigationController.swift */,
				C3C8AE1C039E38A15DDAB812 /* SceneDelegate.swift */,
			);
			path = App;
			sourceTree = "<group>";
		};
/* End PBXGroup section */

/* Begin PBXNativeTarget section */
		DEEE7660DC4D4C74E0560F1C /* Demo-UIKit */ = {
			isa = PBXNativeTarget;
			buildConfigurationList = 554A17F1AF2672938F5A8B4A /* Build configuration list for PBXNativeTarget "Demo-UIKit" */;
			buildPhases = (
				BE3C304400ECBE5FAE4E3119 /* Sources */,
				D42FDF102AD4102661EB62A7 /* Resources */,
				6FBACEDEF88CCB0A87EAA084 /* Frameworks */,
			);
			buildRules = (
			);
			dependencies = (
			);
			name = "Demo-UIKit";
			packageProductDependencies = (
				A21861F47C61C672E37E81C6 /* BambuserPlayerSDK */,
			);
			productName = "Demo-UIKit";
			productReference = FF9F70EF4CD66047A26D01C7 /* Demo-UIKit.app */;
			productType = "com.apple.product-type.application";
		};
/* End PBXNativeTarget section */

/* Begin PBXProject section */
		1193ED4E5E37BB56E001C3C6 /* Project object */ = {
			isa = PBXProject;
			attributes = {
				BuildIndependentTargetsInParallel = YES;
				LastUpgradeCheck = 1430;
				TargetAttributes = {
					DEEE7660DC4D4C74E0560F1C = {
						DevelopmentTeam = U39FKA38DT;
					};
				};
			};
			buildConfigurationList = 4633B4DC394E927ADA01FCF2 /* Build configuration list for PBXProject "Demo-UIKit" */;
			compatibilityVersion = "Xcode 14.0";
			developmentRegion = en;
			hasScannedForEncodings = 0;
			knownRegions = (
				Base,
				en,
			);
			mainGroup = 7DD9B7EBF96BAD352EAB73DE;
			packageReferences = (
				13453BE44F095430986DD2E1 /* XCRemoteSwiftPackageReference "BambuserPlayerSDK-iOS" */,
			);
			projectDirPath = "";
			projectRoot = "";
			targets = (
				DEEE7660DC4D4C74E0560F1C /* Demo-UIKit */,
			);
		};
/* End PBXProject section */

/* Begin PBXResourcesBuildPhase section */
		D42FDF102AD4102661EB62A7 /* Resources */ = {
			isa = PBXResourcesBuildPhase;
			buildActionMask = 2147483647;
			files = (
				B254240C8CE4FEC1CFE7971D /* Assets.xcassets in Resources */,
				2766D3C58C6B697CFE73E9CF /* LaunchScreen.storyboard in Resources */,
			);
			runOnlyForDeploymentPostprocessing = 0;
		};
/* End PBXResourcesBuildPhase section */

/* Begin PBXSourcesBuildPhase section */
		BE3C304400ECBE5FAE4E3119 /* Sources */ = {
			isa = PBXSourcesBuildPhase;
			buildActionMask = 2147483647;
			files = (
				CBB89557833FC86E3181174B /* AppDelegate.swift in Sources */,
				35583643DC9D6A4F24E9A687 /* CartItemCell.swift in Sources */,
				73F843E248BF87CCC0148A03 /* CartItemCellModel.swift in Sources */,
				1D1FDBFA6ACD865F52442B8B /* CartService.swift in Sources */,
				3D3B8763A13F75D67D11C226 /* CartViewController.swift in Sources */,
				07CAC37B2D854242B99E5E9B /* Collection+Safe.swift in Sources */,
				1D6538DD756FCF7A33B2E537 /* CustomWebView.swift in Sources */,
				8B191DAF51D8F44A24AF61B4 /* CustomWebViewController.swift in Sources */,
				1BB14D002024165CD197134C /* DemoPlayerEventHandler.swift in Sources */,
				E5373C8E896D7C15810DED97 /* DemoSettings+Private.swift in Sources */,
				28B44A59B20E1C8B83F7B0B8 /* DemoSettings.swift in Sources */,
				21D461688709C2F5F2023C9A /* HomeCellViewModel.swift in Sources */,
				0134A8D88F933A755EC038A2 /* HomeCenteredImageCell.swift in Sources */,
				58B2C4AA1FD57B0D69720362 /* HomeDatePickerCell.swift in Sources */,
				9595FCDB37820DEDA057EF04 /* HomeNormalCell.swift in Sources */,
				A3885A28397C862AD4A17741 /* HomePickerCell.swift in Sources */,
				F49849C76872DEE3F5609AED /* HomeTextFieldCell.swift in Sources */,
				F08127826F764CC08F50F0E8 /* HomeToggleCell.swift in Sources */,
				6FB2D3C0BBE1D71E9373FFD3 /* HomeViewController+LoadCells.swift in Sources */,
				FB26BD0762C70004AD39CB9C /* HomeViewController.swift in Sources */,
				D0B7E99BE27CE078705818B3 /* HostInAppCartViewController.swift in Sources */,
				FBFA4B1A37957DC8F22294C8 /* Image+Demo.swift in Sources */,
				67C96A013A451E17A922995E /* MainNavigationController.swift in Sources */,
				08BF84BA2A3D3ECB7021E4B8 /* MockedProducts.swift in Sources */,
				7FD297E8916DD7CA7180E134 /* PlayerListCell.swift in Sources */,
				5ADBB7E291B2B29C3230F679 /* PlayerListViewController.swift in Sources */,
				36DEBB54CD5F19905AED02E7 /* PlayerViewController.swift in Sources */,
				E6C9711C937A4966C6FB4D1B /* SceneDelegate.swift in Sources */,
				C5ED39F059C654F945E32F43 /* SelectableEnvironment.swift in Sources */,
				B6BC11B10DA546E16EA6CB6A /* UIImage+Demo.swift in Sources */,
				9853E1314FCAAE08508FE5C6 /* UIViewController+Demo.swift in Sources */,
			);
			runOnlyForDeploymentPostprocessing = 0;
		};
/* End PBXSourcesBuildPhase section */

/* Begin PBXVariantGroup section */
		8EB45DA3A046770C2E779E5D /* LaunchScreen.storyboard */ = {
			isa = PBXVariantGroup;
			children = (
				5DB1F1820B7D293278792B0E /* Base */,
			);
			name = LaunchScreen.storyboard;
			sourceTree = "<group>";
		};
/* End PBXVariantGroup section */

/* Begin XCBuildConfiguration section */
		2324CCAA5AABE51EF81608AD /* Release */ = {
			isa = XCBuildConfiguration;
			buildSettings = {
				ASSETCATALOG_COMPILER_APPICON_NAME = AppIcon;
				CODE_SIGN_IDENTITY = "iPhone Developer";
				DEVELOPMENT_TEAM = U39FKA38DT;
				ENABLE_BITCODE = NO;
				INFOPLIST_FILE = Demo/Info.plist;
				IPHONEOS_DEPLOYMENT_TARGET = 16.0;
				LD_RUNPATH_SEARCH_PATHS = (
					"$(inherited)",
					"@executable_path/Frameworks",
				);
				PRODUCT_BUNDLE_IDENTIFIER = com.bambuser.livevideoshoppingplayer.demo.uikit;
				SDKROOT = iphoneos;
				TARGETED_DEVICE_FAMILY = "1,2";
			};
			name = Release;
		};
		5401330108B923E47FC6EBFC /* Debug */ = {
			isa = XCBuildConfiguration;
			buildSettings = {
				ASSETCATALOG_COMPILER_APPICON_NAME = AppIcon;
				CODE_SIGN_IDENTITY = "iPhone Developer";
				DEVELOPMENT_TEAM = U39FKA38DT;
				ENABLE_BITCODE = NO;
				INFOPLIST_FILE = Demo/Info.plist;
				IPHONEOS_DEPLOYMENT_TARGET = 16.0;
				LD_RUNPATH_SEARCH_PATHS = (
					"$(inherited)",
					"@executable_path/Frameworks",
				);
				PRODUCT_BUNDLE_IDENTIFIER = com.bambuser.livevideoshoppingplayer.demo.uikit;
				SDKROOT = iphoneos;
				TARGETED_DEVICE_FAMILY = "1,2";
			};
			name = Debug;
		};
		62C9A49DB88BA38BF79AB0AE /* Debug */ = {
			isa = XCBuildConfiguration;
			buildSettings = {
				ALWAYS_SEARCH_USER_PATHS = NO;
				CLANG_ANALYZER_NONNULL = YES;
				CLANG_ANALYZER_NUMBER_OBJECT_CONVERSION = YES_AGGRESSIVE;
				CLANG_CXX_LANGUAGE_STANDARD = "gnu++14";
				CLANG_CXX_LIBRARY = "libc++";
				CLANG_ENABLE_MODULES = YES;
				CLANG_ENABLE_OBJC_ARC = YES;
				CLANG_ENABLE_OBJC_WEAK = YES;
				CLANG_WARN_BLOCK_CAPTURE_AUTORELEASING = YES;
				CLANG_WARN_BOOL_CONVERSION = YES;
				CLANG_WARN_COMMA = YES;
				CLANG_WARN_CONSTANT_CONVERSION = YES;
				CLANG_WARN_DEPRECATED_OBJC_IMPLEMENTATIONS = YES;
				CLANG_WARN_DIRECT_OBJC_ISA_USAGE = YES_ERROR;
				CLANG_WARN_DOCUMENTATION_COMMENTS = YES;
				CLANG_WARN_EMPTY_BODY = YES;
				CLANG_WARN_ENUM_CONVERSION = YES;
				CLANG_WARN_INFINITE_RECURSION = YES;
				CLANG_WARN_INT_CONVERSION = YES;
				CLANG_WARN_NON_LITERAL_NULL_CONVERSION = YES;
				CLANG_WARN_OBJC_IMPLICIT_RETAIN_SELF = YES;
				CLANG_WARN_OBJC_LITERAL_CONVERSION = YES;
				CLANG_WARN_OBJC_ROOT_CLASS = YES_ERROR;
				CLANG_WARN_QUOTED_INCLUDE_IN_FRAMEWORK_HEADER = YES;
				CLANG_WARN_RANGE_LOOP_ANALYSIS = YES;
				CLANG_WARN_STRICT_PROTOTYPES = YES;
				CLANG_WARN_SUSPICIOUS_MOVE = YES;
				CLANG_WARN_UNGUARDED_AVAILABILITY = YES_AGGRESSIVE;
				CLANG_WARN_UNREACHABLE_CODE = YES;
				CLANG_WARN__DUPLICATE_METHOD_MATCH = YES;
				COPY_PHASE_STRIP = NO;
				DEBUG_INFORMATION_FORMAT = dwarf;
				ENABLE_STRICT_OBJC_MSGSEND = YES;
				ENABLE_TESTABILITY = YES;
				GCC_C_LANGUAGE_STANDARD = gnu11;
				GCC_DYNAMIC_NO_PIC = NO;
				GCC_NO_COMMON_BLOCKS = YES;
				GCC_OPTIMIZATION_LEVEL = 0;
				GCC_PREPROCESSOR_DEFINITIONS = (
					"$(inherited)",
					"DEBUG=1",
				);
				GCC_WARN_64_TO_32_BIT_CONVERSION = YES;
				GCC_WARN_ABOUT_RETURN_TYPE = YES_ERROR;
				GCC_WARN_UNDECLARED_SELECTOR = YES;
				GCC_WARN_UNINITIALIZED_AUTOS = YES_AGGRESSIVE;
				GCC_WARN_UNUSED_FUNCTION = YES;
				GCC_WARN_UNUSED_VARIABLE = YES;
				MTL_ENABLE_DEBUG_INFO = INCLUDE_SOURCE;
				MTL_FAST_MATH = YES;
				ONLY_ACTIVE_ARCH = YES;
				PRODUCT_NAME = "$(TARGET_NAME)";
				SDKROOT = iphoneos;
				SWIFT_ACTIVE_COMPILATION_CONDITIONS = DEBUG;
				SWIFT_OPTIMIZATION_LEVEL = "-Onone";
				SWIFT_VERSION = 5.0;
			};
			name = Debug;
		};
		9F32AB9F5EBE3441036EF58E /* Release */ = {
			isa = XCBuildConfiguration;
			buildSettings = {
				ALWAYS_SEARCH_USER_PATHS = NO;
				CLANG_ANALYZER_NONNULL = YES;
				CLANG_ANALYZER_NUMBER_OBJECT_CONVERSION = YES_AGGRESSIVE;
				CLANG_CXX_LANGUAGE_STANDARD = "gnu++14";
				CLANG_CXX_LIBRARY = "libc++";
				CLANG_ENABLE_MODULES = YES;
				CLANG_ENABLE_OBJC_ARC = YES;
				CLANG_ENABLE_OBJC_WEAK = YES;
				CLANG_WARN_BLOCK_CAPTURE_AUTORELEASING = YES;
				CLANG_WARN_BOOL_CONVERSION = YES;
				CLANG_WARN_COMMA = YES;
				CLANG_WARN_CONSTANT_CONVERSION = YES;
				CLANG_WARN_DEPRECATED_OBJC_IMPLEMENTATIONS = YES;
				CLANG_WARN_DIRECT_OBJC_ISA_USAGE = YES_ERROR;
				CLANG_WARN_DOCUMENTATION_COMMENTS = YES;
				CLANG_WARN_EMPTY_BODY = YES;
				CLANG_WARN_ENUM_CONVERSION = YES;
				CLANG_WARN_INFINITE_RECURSION = YES;
				CLANG_WARN_INT_CONVERSION = YES;
				CLANG_WARN_NON_LITERAL_NULL_CONVERSION = YES;
				CLANG_WARN_OBJC_IMPLICIT_RETAIN_SELF = YES;
				CLANG_WARN_OBJC_LITERAL_CONVERSION = YES;
				CLANG_WARN_OBJC_ROOT_CLASS = YES_ERROR;
				CLANG_WARN_QUOTED_INCLUDE_IN_FRAMEWORK_HEADER = YES;
				CLANG_WARN_RANGE_LOOP_ANALYSIS = YES;
				CLANG_WARN_STRICT_PROTOTYPES = YES;
				CLANG_WARN_SUSPICIOUS_MOVE = YES;
				CLANG_WARN_UNGUARDED_AVAILABILITY = YES_AGGRESSIVE;
				CLANG_WARN_UNREACHABLE_CODE = YES;
				CLANG_WARN__DUPLICATE_METHOD_MATCH = YES;
				COPY_PHASE_STRIP = NO;
				DEBUG_INFORMATION_FORMAT = "dwarf-with-dsym";
				ENABLE_NS_ASSERTIONS = NO;
				ENABLE_STRICT_OBJC_MSGSEND = YES;
				GCC_C_LANGUAGE_STANDARD = gnu11;
				GCC_NO_COMMON_BLOCKS = YES;
				GCC_WARN_64_TO_32_BIT_CONVERSION = YES;
				GCC_WARN_ABOUT_RETURN_TYPE = YES_ERROR;
				GCC_WARN_UNDECLARED_SELECTOR = YES;
				GCC_WARN_UNINITIALIZED_AUTOS = YES_AGGRESSIVE;
				GCC_WARN_UNUSED_FUNCTION = YES;
				GCC_WARN_UNUSED_VARIABLE = YES;
				MTL_ENABLE_DEBUG_INFO = NO;
				MTL_FAST_MATH = YES;
				PRODUCT_NAME = "$(TARGET_NAME)";
				SDKROOT = iphoneos;
				SWIFT_COMPILATION_MODE = wholemodule;
				SWIFT_OPTIMIZATION_LEVEL = "-O";
				SWIFT_VERSION = 5.0;
			};
			name = Release;
		};
/* End XCBuildConfiguration section */

/* Begin XCConfigurationList section */
		4633B4DC394E927ADA01FCF2 /* Build configuration list for PBXProject "Demo-UIKit" */ = {
			isa = XCConfigurationList;
			buildConfigurations = (
				62C9A49DB88BA38BF79AB0AE /* Debug */,
				9F32AB9F5EBE3441036EF58E /* Release */,
			);
			defaultConfigurationIsVisible = 0;
			defaultConfigurationName = Debug;
		};
		554A17F1AF2672938F5A8B4A /* Build configuration list for PBXNativeTarget "Demo-UIKit" */ = {
			isa = XCConfigurationList;
			buildConfigurations = (
				5401330108B923E47FC6EBFC /* Debug */,
				2324CCAA5AABE51EF81608AD /* Release */,
			);
			defaultConfigurationIsVisible = 0;
			defaultConfigurationName = Debug;
		};
/* End XCConfigurationList section */

/* Begin XCRemoteSwiftPackageReference section */
		13453BE44F095430986DD2E1 /* XCRemoteSwiftPackageReference "BambuserPlayerSDK-iOS" */ = {
			isa = XCRemoteSwiftPackageReference;
			repositoryURL = "https://github.com/bambuser/BambuserPlayerSDK-iOS";
			requirement = {
				kind = upToNextMajorVersion;
				minimumVersion = 1.5.1;
			};
		};
/* End XCRemoteSwiftPackageReference section */

/* Begin XCSwiftPackageProductDependency section */
		A21861F47C61C672E37E81C6 /* BambuserPlayerSDK */ = {
			isa = XCSwiftPackageProductDependency;
			package = 13453BE44F095430986DD2E1 /* XCRemoteSwiftPackageReference "BambuserPlayerSDK-iOS" */;
			productName = BambuserPlayerSDK;
		};
/* End XCSwiftPackageProductDependency section */
	};
	rootObject = 1193ED4E5E37BB56E001C3C6 /* Project object */;
}
